// !$*UTF8*$!
{
	archiveVersion = 1;
	classes = {
	};
	objectVersion = 51;
	objects = {

/* Begin PBXBuildFile section */
		6C080E594823F7326C4B57FB /* Pods_StandardCyborgExample.framework in Frameworks */ = {isa = PBXBuildFile; fileRef = 01886E50A1E566AC83217EFB /* Pods_StandardCyborgExample.framework */; };
		7642B7FC21E679E800BC45C7 /* AppDelegate.swift in Sources */ = {isa = PBXBuildFile; fileRef = 7642B7FB21E679E800BC45C7 /* AppDelegate.swift */; };
		7642B7FE21E679E800BC45C7 /* ViewController.swift in Sources */ = {isa = PBXBuildFile; fileRef = 7642B7FD21E679E800BC45C7 /* ViewController.swift */; };
		7642B80121E679E800BC45C7 /* Main.storyboard in Resources */ = {isa = PBXBuildFile; fileRef = 7642B7FF21E679E800BC45C7 /* Main.storyboard */; };
		7642B80321E679E900BC45C7 /* Assets.xcassets in Resources */ = {isa = PBXBuildFile; fileRef = 7642B80221E679E900BC45C7 /* Assets.xcassets */; };
		7642B80621E679E900BC45C7 /* LaunchScreen.storyboard in Resources */ = {isa = PBXBuildFile; fileRef = 7642B80421E679E900BC45C7 /* LaunchScreen.storyboard */; };
/* End PBXBuildFile section */

/* Begin PBXContainerItemProxy section */
		7642B81A21E69B3500BC45C7 /* PBXContainerItemProxy */ = {
			isa = PBXContainerItemProxy;
			containerPortal = 7642B81621E69B3400BC45C7 /* StandardCyborgUI.xcodeproj */;
			proxyType = 2;
			remoteGlobalIDString = 7620D24721CDACEA008D0095;
			remoteInfo = StandardCyborgUI;
		};
/* End PBXContainerItemProxy section */

/* Begin PBXFileReference section */
		01886E50A1E566AC83217EFB /* Pods_StandardCyborgExample.framework */ = {isa = PBXFileReference; explicitFileType = wrapper.framework; includeInIndex = 0; path = Pods_StandardCyborgExample.framework; sourceTree = BUILT_PRODUCTS_DIR; };
		0403BD285ABFBA7F96667BC3 /* Pods-StandardCyborgExample.release.xcconfig */ = {isa = PBXFileReference; includeInIndex = 1; lastKnownFileType = text.xcconfig; name = "Pods-StandardCyborgExample.release.xcconfig"; path = "Target Support Files/Pods-StandardCyborgExample/Pods-StandardCyborgExample.release.xcconfig"; sourceTree = "<group>"; };
		7642B7F821E679E800BC45C7 /* StandardCyborgExample.app */ = {isa = PBXFileReference; explicitFileType = wrapper.application; includeInIndex = 0; path = StandardCyborgExample.app; sourceTree = BUILT_PRODUCTS_DIR; };
		7642B7FB21E679E800BC45C7 /* AppDelegate.swift */ = {isa = PBXFileReference; lastKnownFileType = sourcecode.swift; path = AppDelegate.swift; sourceTree = "<group>"; };
		7642B7FD21E679E800BC45C7 /* ViewController.swift */ = {isa = PBXFileReference; lastKnownFileType = sourcecode.swift; path = ViewController.swift; sourceTree = "<group>"; };
		7642B80021E679E800BC45C7 /* Base */ = {isa = PBXFileReference; lastKnownFileType = file.storyboard; name = Base; path = Base.lproj/Main.storyboard; sourceTree = "<group>"; };
		7642B80221E679E900BC45C7 /* Assets.xcassets */ = {isa = PBXFileReference; lastKnownFileType = folder.assetcatalog; path = Assets.xcassets; sourceTree = "<group>"; };
		7642B80521E679E900BC45C7 /* Base */ = {isa = PBXFileReference; lastKnownFileType = file.storyboard; name = Base; path = Base.lproj/LaunchScreen.storyboard; sourceTree = "<group>"; };
		7642B80721E679E900BC45C7 /* Info.plist */ = {isa = PBXFileReference; lastKnownFileType = text.plist.xml; path = Info.plist; sourceTree = "<group>"; };
		7642B81621E69B3400BC45C7 /* StandardCyborgUI.xcodeproj */ = {isa = PBXFileReference; lastKnownFileType = "wrapper.pb-project"; name = StandardCyborgUI.xcodeproj; path = ../StandardCyborgUI/StandardCyborgUI.xcodeproj; sourceTree = "<group>"; };
		7642B82221E69CBB00BC45C7 /* StandardCyborgFusion.framework */ = {isa = PBXFileReference; lastKnownFileType = wrapper.framework; name = StandardCyborgFusion.framework; path = ../StandardCyborgFusion/StandardCyborgFusion.framework; sourceTree = SOURCE_ROOT; };
		FBD3AAC9CA3ACA9DC2D88CEA /* Pods-StandardCyborgExample.debug.xcconfig */ = {isa = PBXFileReference; includeInIndex = 1; lastKnownFileType = text.xcconfig; name = "Pods-StandardCyborgExample.debug.xcconfig"; path = "Target Support Files/Pods-StandardCyborgExample/Pods-StandardCyborgExample.debug.xcconfig"; sourceTree = "<group>"; };
/* End PBXFileReference section */

/* Begin PBXFrameworksBuildPhase section */
		7642B7F521E679E800BC45C7 /* Frameworks */ = {
			isa = PBXFrameworksBuildPhase;
			buildActionMask = 2147483647;
			files = (
				6C080E594823F7326C4B57FB /* Pods_StandardCyborgExample.framework in Frameworks */,
			);
			runOnlyForDeploymentPostprocessing = 0;
		};
/* End PBXFrameworksBuildPhase section */

/* Begin PBXGroup section */
		7642B7EF21E679E800BC45C7 = {
			isa = PBXGroup;
			children = (
				7642B7FA21E679E800BC45C7 /* StandardCyborgExample */,
				7642B7F921E679E800BC45C7 /* Products */,
				7642B81321E69ADB00BC45C7 /* Frameworks */,
				A52D23C77C82A59D20A847DC /* Pods */,
			);
			sourceTree = "<group>";
		};
		7642B7F921E679E800BC45C7 /* Products */ = {
			isa = PBXGroup;
			children = (
				7642B7F821E679E800BC45C7 /* StandardCyborgExample.app */,
			);
			name = Products;
			sourceTree = "<group>";
		};
		7642B7FA21E679E800BC45C7 /* StandardCyborgExample */ = {
			isa = PBXGroup;
			children = (
				7642B7FB21E679E800BC45C7 /* AppDelegate.swift */,
				7642B7FD21E679E800BC45C7 /* ViewController.swift */,
				7642B7FF21E679E800BC45C7 /* Main.storyboard */,
				7642B80221E679E900BC45C7 /* Assets.xcassets */,
				7642B80421E679E900BC45C7 /* LaunchScreen.storyboard */,
				7642B80721E679E900BC45C7 /* Info.plist */,
			);
			path = StandardCyborgExample;
			sourceTree = "<group>";
		};
		7642B81321E69ADB00BC45C7 /* Frameworks */ = {
			isa = PBXGroup;
			children = (
				7642B82221E69CBB00BC45C7 /* StandardCyborgFusion.framework */,
				7642B81621E69B3400BC45C7 /* StandardCyborgUI.xcodeproj */,
				01886E50A1E566AC83217EFB /* Pods_StandardCyborgExample.framework */,
			);
			name = Frameworks;
			sourceTree = "<group>";
		};
		7642B81721E69B3400BC45C7 /* Products */ = {
			isa = PBXGroup;
			children = (
				7642B81B21E69B3500BC45C7 /* StandardCyborgUI.framework */,
			);
			name = Products;
			sourceTree = "<group>";
		};
		A52D23C77C82A59D20A847DC /* Pods */ = {
			isa = PBXGroup;
			children = (
				FBD3AAC9CA3ACA9DC2D88CEA /* Pods-StandardCyborgExample.debug.xcconfig */,
				0403BD285ABFBA7F96667BC3 /* Pods-StandardCyborgExample.release.xcconfig */,
			);
			path = Pods;
			sourceTree = "<group>";
		};
/* End PBXGroup section */

/* Begin PBXNativeTarget section */
		7642B7F721E679E800BC45C7 /* StandardCyborgExample */ = {
			isa = PBXNativeTarget;
			buildConfigurationList = 7642B80A21E679E900BC45C7 /* Build configuration list for PBXNativeTarget "StandardCyborgExample" */;
			buildPhases = (
				741CD5063CD9F96C8C04A9D3 /* [CP] Check Pods Manifest.lock */,
				7642B7F421E679E800BC45C7 /* Sources */,
				7642B7F521E679E800BC45C7 /* Frameworks */,
				7642B7F621E679E800BC45C7 /* Resources */,
				B679C19CBC4CDF541C1542CD /* [CP] Embed Pods Frameworks */,
			);
			buildRules = (
			);
			dependencies = (
			);
			name = StandardCyborgExample;
			productName = CatScan;
			productReference = 7642B7F821E679E800BC45C7 /* StandardCyborgExample.app */;
			productType = "com.apple.product-type.application";
		};
/* End PBXNativeTarget section */

/* Begin PBXProject section */
		7642B7F021E679E800BC45C7 /* Project object */ = {
			isa = PBXProject;
			attributes = {
				LastSwiftUpdateCheck = 1010;
				LastUpgradeCheck = 1010;
				ORGANIZATIONNAME = "Standard Cyborg";
				TargetAttributes = {
					7642B7F721E679E800BC45C7 = {
						CreatedOnToolsVersion = 10.1;
						LastSwiftMigration = 1020;
					};
				};
			};
			buildConfigurationList = 7642B7F321E679E800BC45C7 /* Build configuration list for PBXProject "StandardCyborgExample" */;
			compatibilityVersion = "Xcode 9.3";
			developmentRegion = en;
			hasScannedForEncodings = 0;
			knownRegions = (
				en,
				Base,
			);
			mainGroup = 7642B7EF21E679E800BC45C7;
			productRefGroup = 7642B7F921E679E800BC45C7 /* Products */;
			projectDirPath = "";
			projectReferences = (
				{
					ProductGroup = 7642B81721E69B3400BC45C7 /* Products */;
					ProjectRef = 7642B81621E69B3400BC45C7 /* StandardCyborgUI.xcodeproj */;
				},
			);
			projectRoot = "";
			targets = (
				7642B7F721E679E800BC45C7 /* StandardCyborgExample */,
			);
		};
/* End PBXProject section */

/* Begin PBXReferenceProxy section */
		7642B81B21E69B3500BC45C7 /* StandardCyborgUI.framework */ = {
			isa = PBXReferenceProxy;
			fileType = wrapper.framework;
			path = StandardCyborgUI.framework;
			remoteRef = 7642B81A21E69B3500BC45C7 /* PBXContainerItemProxy */;
			sourceTree = BUILT_PRODUCTS_DIR;
		};
/* End PBXReferenceProxy section */

/* Begin PBXResourcesBuildPhase section */
		7642B7F621E679E800BC45C7 /* Resources */ = {
			isa = PBXResourcesBuildPhase;
			buildActionMask = 2147483647;
			files = (
				7642B80621E679E900BC45C7 /* LaunchScreen.storyboard in Resources */,
				7642B80321E679E900BC45C7 /* Assets.xcassets in Resources */,
				7642B80121E679E800BC45C7 /* Main.storyboard in Resources */,
			);
			runOnlyForDeploymentPostprocessing = 0;
		};
/* End PBXResourcesBuildPhase section */

/* Begin PBXShellScriptBuildPhase section */
		741CD5063CD9F96C8C04A9D3 /* [CP] Check Pods Manifest.lock */ = {
			isa = PBXShellScriptBuildPhase;
			buildActionMask = 2147483647;
			files = (
			);
			inputFileListPaths = (
			);
			inputPaths = (
				"${PODS_PODFILE_DIR_PATH}/Podfile.lock",
				"${PODS_ROOT}/Manifest.lock",
			);
			name = "[CP] Check Pods Manifest.lock";
			outputFileListPaths = (
			);
			outputPaths = (
				"$(DERIVED_FILE_DIR)/Pods-StandardCyborgExample-checkManifestLockResult.txt",
			);
			runOnlyForDeploymentPostprocessing = 0;
			shellPath = /bin/sh;
			shellScript = "diff \"${PODS_PODFILE_DIR_PATH}/Podfile.lock\" \"${PODS_ROOT}/Manifest.lock\" > /dev/null\nif [ $? != 0 ] ; then\n    # print error to STDERR\n    echo \"error: The sandbox is not in sync with the Podfile.lock. Run 'pod install' or update your CocoaPods installation.\" >&2\n    exit 1\nfi\n# This output is used by Xcode 'outputs' to avoid re-running this script phase.\necho \"SUCCESS\" > \"${SCRIPT_OUTPUT_FILE_0}\"\n";
			showEnvVarsInLog = 0;
		};
		B679C19CBC4CDF541C1542CD /* [CP] Embed Pods Frameworks */ = {
			isa = PBXShellScriptBuildPhase;
			buildActionMask = 2147483647;
			files = (
			);
			inputFileListPaths = (
				"${PODS_ROOT}/Target Support Files/Pods-StandardCyborgExample/Pods-StandardCyborgExample-frameworks-${CONFIGURATION}-input-files.xcfilelist",
			);
			name = "[CP] Embed Pods Frameworks";
			outputFileListPaths = (
				"${PODS_ROOT}/Target Support Files/Pods-StandardCyborgExample/Pods-StandardCyborgExample-frameworks-${CONFIGURATION}-output-files.xcfilelist",
			);
			runOnlyForDeploymentPostprocessing = 0;
			shellPath = /bin/sh;
			shellScript = "\"${PODS_ROOT}/Target Support Files/Pods-StandardCyborgExample/Pods-StandardCyborgExample-frameworks.sh\"\n";
			showEnvVarsInLog = 0;
		};
/* End PBXShellScriptBuildPhase section */

/* Begin PBXSourcesBuildPhase section */
		7642B7F421E679E800BC45C7 /* Sources */ = {
			isa = PBXSourcesBuildPhase;
			buildActionMask = 2147483647;
			files = (
				7642B7FE21E679E800BC45C7 /* ViewController.swift in Sources */,
				7642B7FC21E679E800BC45C7 /* AppDelegate.swift in Sources */,
			);
			runOnlyForDeploymentPostprocessing = 0;
		};
/* End PBXSourcesBuildPhase section */

/* Begin PBXVariantGroup section */
		7642B7FF21E679E800BC45C7 /* Main.storyboard */ = {
			isa = PBXVariantGroup;
			children = (
				7642B80021E679E800BC45C7 /* Base */,
			);
			name = Main.storyboard;
			sourceTree = "<group>";
		};
		7642B80421E679E900BC45C7 /* LaunchScreen.storyboard */ = {
			isa = PBXVariantGroup;
			children = (
				7642B80521E679E900BC45C7 /* Base */,
			);
			name = LaunchScreen.storyboard;
			sourceTree = "<group>";
		};
/* End PBXVariantGroup section */

/* Begin XCBuildConfiguration section */
		7642B80821E679E900BC45C7 /* Debug */ = {
			isa = XCBuildConfiguration;
			buildSettings = {
				ALWAYS_SEARCH_USER_PATHS = NO;
				CLANG_ANALYZER_NONNULL = YES;
				CLANG_ANALYZER_NUMBER_OBJECT_CONVERSION = YES_AGGRESSIVE;
				CLANG_CXX_LANGUAGE_STANDARD = "gnu++14";
				CLANG_CXX_LIBRARY = "libc++";
				CLANG_ENABLE_MODULES = YES;
				CLANG_ENABLE_OBJC_ARC = YES;
				CLANG_ENABLE_OBJC_WEAK = YES;
				CLANG_WARN_BLOCK_CAPTURE_AUTORELEASING = YES;
				CLANG_WARN_BOOL_CONVERSION = YES;
				CLANG_WARN_COMMA = YES;
				CLANG_WARN_CONSTANT_CONVERSION = YES;
				CLANG_WARN_DEPRECATED_OBJC_IMPLEMENTATIONS = YES;
				CLANG_WARN_DIRECT_OBJC_ISA_USAGE = YES_ERROR;
				CLANG_WARN_DOCUMENTATION_COMMENTS = YES;
				CLANG_WARN_EMPTY_BODY = YES;
				CLANG_WARN_ENUM_CONVERSION = YES;
				CLANG_WARN_INFINITE_RECURSION = YES;
				CLANG_WARN_INT_CONVERSION = YES;
				CLANG_WARN_NON_LITERAL_NULL_CONVERSION = YES;
				CLANG_WARN_OBJC_IMPLICIT_RETAIN_SELF = NO;
				CLANG_WARN_OBJC_LITERAL_CONVERSION = YES;
				CLANG_WARN_OBJC_ROOT_CLASS = YES_ERROR;
				CLANG_WARN_RANGE_LOOP_ANALYSIS = YES;
				CLANG_WARN_STRICT_PROTOTYPES = YES;
				CLANG_WARN_SUSPICIOUS_MOVE = YES;
				CLANG_WARN_UNGUARDED_AVAILABILITY = YES_AGGRESSIVE;
				CLANG_WARN_UNREACHABLE_CODE = YES;
				CLANG_WARN__DUPLICATE_METHOD_MATCH = YES;
				CODE_SIGN_IDENTITY = "iPhone Developer";
				COPY_PHASE_STRIP = NO;
				DEBUG_INFORMATION_FORMAT = dwarf;
				ENABLE_STRICT_OBJC_MSGSEND = YES;
				ENABLE_TESTABILITY = YES;
				GCC_C_LANGUAGE_STANDARD = gnu11;
				GCC_NO_COMMON_BLOCKS = YES;
				GCC_OPTIMIZATION_LEVEL = 0;
				GCC_PREPROCESSOR_DEFINITIONS = (
					"DEBUG=1",
					"$(inherited)",
				);
				GCC_WARN_64_TO_32_BIT_CONVERSION = YES;
				GCC_WARN_ABOUT_RETURN_TYPE = YES_ERROR;
				GCC_WARN_UNDECLARED_SELECTOR = YES;
				GCC_WARN_UNINITIALIZED_AUTOS = YES_AGGRESSIVE;
				GCC_WARN_UNUSED_FUNCTION = YES;
				GCC_WARN_UNUSED_VARIABLE = YES;
				IPHONEOS_DEPLOYMENT_TARGET = 12.0;
				MTL_ENABLE_DEBUG_INFO = INCLUDE_SOURCE;
				MTL_FAST_MATH = YES;
				ONLY_ACTIVE_ARCH = YES;
				SWIFT_ACTIVE_COMPILATION_CONDITIONS = DEBUG;
				SWIFT_OPTIMIZATION_LEVEL = "-Onone";
			};
			name = Debug;
		};
		7642B80921E679E900BC45C7 /* Release */ = {
			isa = XCBuildConfiguration;
			buildSettings = {
				ALWAYS_SEARCH_USER_PATHS = NO;
				CLANG_ANALYZER_NONNULL = YES;
				CLANG_ANALYZER_NUMBER_OBJECT_CONVERSION = YES_AGGRESSIVE;
				CLANG_CXX_LANGUAGE_STANDARD = "gnu++14";
				CLANG_CXX_LIBRARY = "libc++";
				CLANG_ENABLE_MODULES = YES;
				CLANG_ENABLE_OBJC_ARC = YES;
				CLANG_ENABLE_OBJC_WEAK = YES;
				CLANG_WARN_BLOCK_CAPTURE_AUTORELEASING = YES;
				CLANG_WARN_BOOL_CONVERSION = YES;
				CLANG_WARN_COMMA = YES;
				CLANG_WARN_CONSTANT_CONVERSION = YES;
				CLANG_WARN_DEPRECATED_OBJC_IMPLEMENTATIONS = YES;
				CLANG_WARN_DIRECT_OBJC_ISA_USAGE = YES_ERROR;
				CLANG_WARN_DOCUMENTATION_COMMENTS = YES;
				CLANG_WARN_EMPTY_BODY = YES;
				CLANG_WARN_ENUM_CONVERSION = YES;
				CLANG_WARN_INFINITE_RECURSION = YES;
				CLANG_WARN_INT_CONVERSION = YES;
				CLANG_WARN_NON_LITERAL_NULL_CONVERSION = YES;
				CLANG_WARN_OBJC_IMPLICIT_RETAIN_SELF = NO;
				CLANG_WARN_OBJC_LITERAL_CONVERSION = YES;
				CLANG_WARN_OBJC_ROOT_CLASS = YES_ERROR;
				CLANG_WARN_RANGE_LOOP_ANALYSIS = YES;
				CLANG_WARN_STRICT_PROTOTYPES = YES;
				CLANG_WARN_SUSPICIOUS_MOVE = YES;
				CLANG_WARN_UNGUARDED_AVAILABILITY = YES_AGGRESSIVE;
				CLANG_WARN_UNREACHABLE_CODE = YES;
				CLANG_WARN__DUPLICATE_METHOD_MATCH = YES;
				CODE_SIGN_IDENTITY = "iPhone Developer";
				COPY_PHASE_STRIP = NO;
				DEBUG_INFORMATION_FORMAT = "dwarf-with-dsym";
				ENABLE_NS_ASSERTIONS = NO;
				ENABLE_STRICT_OBJC_MSGSEND = YES;
				GCC_C_LANGUAGE_STANDARD = gnu11;
				GCC_NO_COMMON_BLOCKS = YES;
				GCC_WARN_64_TO_32_BIT_CONVERSION = YES;
				GCC_WARN_ABOUT_RETURN_TYPE = YES_ERROR;
				GCC_WARN_UNDECLARED_SELECTOR = YES;
				GCC_WARN_UNINITIALIZED_AUTOS = YES_AGGRESSIVE;
				GCC_WARN_UNUSED_FUNCTION = YES;
				GCC_WARN_UNUSED_VARIABLE = YES;
				IPHONEOS_DEPLOYMENT_TARGET = 12.0;
				MTL_ENABLE_DEBUG_INFO = NO;
				MTL_FAST_MATH = YES;
				SWIFT_COMPILATION_MODE = wholemodule;
				SWIFT_OPTIMIZATION_LEVEL = "-O";
				VALIDATE_PRODUCT = YES;
			};
			name = Release;
		};
		7642B80B21E679E900BC45C7 /* Debug */ = {
			isa = XCBuildConfiguration;
			baseConfigurationReference = FBD3AAC9CA3ACA9DC2D88CEA /* Pods-StandardCyborgExample.debug.xcconfig */;
			buildSettings = {
				ASSETCATALOG_COMPILER_APPICON_NAME = AppIcon;
				CODE_SIGN_STYLE = Automatic;
				DEVELOPMENT_TEAM = KAW83335BG;
				FRAMEWORK_SEARCH_PATHS = (
					"$(PROJECT_DIR)",
					"$(inherited)",
				);
				INFOPLIST_FILE = "$(SRCROOT)/StandardCyborgExample/Info.plist";
				IPHONEOS_DEPLOYMENT_TARGET = 13.0;
				LD_RUNPATH_SEARCH_PATHS = (
					"$(inherited)",
					"@executable_path/Frameworks",
				);
				PRODUCT_BUNDLE_IDENTIFIER = com.StandardCyborg.StandardCyborgExample;
				PRODUCT_NAME = "$(TARGET_NAME)";
				SDKROOT = iphoneos;
				SUPPORTED_PLATFORMS = "iphonesimulator iphoneos";
				SWIFT_VERSION = 5.0;
				TARGETED_DEVICE_FAMILY = "1,2";
				VALID_ARCHS = x86_64;
				"VALID_ARCHS[sdk=iphoneos*]" = arm64;
			};
			name = Debug;
		};
		7642B80C21E679E900BC45C7 /* Release */ = {
			isa = XCBuildConfiguration;
			baseConfigurationReference = 0403BD285ABFBA7F96667BC3 /* Pods-StandardCyborgExample.release.xcconfig */;
			buildSettings = {
				ASSETCATALOG_COMPILER_APPICON_NAME = AppIcon;
				CODE_SIGN_STYLE = Automatic;
				DEVELOPMENT_TEAM = KAW83335BG;
				FRAMEWORK_SEARCH_PATHS = (
					"$(inherited)",
					"$(PROJECT_DIR)",
				);
				INFOPLIST_FILE = "$(SRCROOT)/StandardCyborgExample/Info.plist";
				IPHONEOS_DEPLOYMENT_TARGET = 13.0;
				LD_RUNPATH_SEARCH_PATHS = (
					"$(inherited)",
					"@executable_path/Frameworks",
				);
				PRODUCT_BUNDLE_IDENTIFIER = com.StandardCyborg.StandardCyborgExample;
				PRODUCT_NAME = "$(TARGET_NAME)";
				SDKROOT = iphoneos;
				SUPPORTED_PLATFORMS = "iphonesimulator iphoneos";
				SWIFT_VERSION = 5.0;
				TARGETED_DEVICE_FAMILY = "1,2";
				VALID_ARCHS = x86_64;
				"VALID_ARCHS[sdk=iphoneos*]" = arm64;
			};
			name = Release;
		};
/* End XCBuildConfiguration section */

/* Begin XCConfigurationList section */
		7642B7F321E679E800BC45C7 /* Build configuration list for PBXProject "StandardCyborgExample" */ = {
			isa = XCConfigurationList;
			buildConfigurations = (
				7642B80821E679E900BC45C7 /* Debug */,
				7642B80921E679E900BC45C7 /* Release */,
			);
			defaultConfigurationIsVisible = 0;
			defaultConfigurationName = Release;
		};
		7642B80A21E679E900BC45C7 /* Build configuration list for PBXNativeTarget "StandardCyborgExample" */ = {
			isa = XCConfigurationList;
			buildConfigurations = (
				7642B80B21E679E900BC45C7 /* Debug */,
				7642B80C21E679E900BC45C7 /* Release */,
			);
			defaultConfigurationIsVisible = 0;
			defaultConfigurationName = Release;
		};
/* End XCConfigurationList section */
	};
	rootObject = 7642B7F021E679E800BC45C7 /* Project object */;
}
