// !$*UTF8*$!
{
	archiveVersion = 1;
	classes = {
	};
	objectVersion = 60;
	objects = {

/* Begin PBXBuildFile section */
		7642B7FC21E679E800BC45C7 /* AppDelegate.swift in Sources */ = {isa = PBXBuildFile; fileRef = 7642B7FB21E679E800BC45C7 /* AppDelegate.swift */; };
		7642B7FE21E679E800BC45C7 /* ViewController.swift in Sources */ = {isa = PBXBuildFile; fileRef = 7642B7FD21E679E800BC45C7 /* ViewController.swift */; };
		7642B80121E679E800BC45C7 /* Main.storyboard in Resources */ = {isa = PBXBuildFile; fileRef = 7642B7FF21E679E800BC45C7 /* Main.storyboard */; };
		7642B80321E679E900BC45C7 /* Assets.xcassets in Resources */ = {isa = PBXBuildFile; fileRef = 7642B80221E679E900BC45C7 /* Assets.xcassets */; };
		7642B80621E679E900BC45C7 /* LaunchScreen.storyboard in Resources */ = {isa = PBXBuildFile; fileRef = 7642B80421E679E900BC45C7 /* LaunchScreen.storyboard */; };
		766314042CEB185300CC7AF3 /* StandardCyborgFusion in Frameworks */ = {isa = PBXBuildFile; productRef = 766314032CEB185300CC7AF3 /* StandardCyborgFusion */; };
		766314072CEB186300CC7AF3 /* StandardCyborgUI in Frameworks */ = {isa = PBXBuildFile; productRef = 766314062CEB186300CC7AF3 /* StandardCyborgUI */; };
		7663140D2CECFCDD00CC7AF3 /* StandardCyborgFusion in Embed Frameworks */ = {isa = PBXBuildFile; productRef = 766314032CEB185300CC7AF3 /* StandardCyborgFusion */; settings = {ATTRIBUTES = (CodeSignOnCopy, ); }; };
		7663140F2CECFCDE00CC7AF3 /* StandardCyborgUI in Embed Frameworks */ = {isa = PBXBuildFile; productRef = 766314062CEB186300CC7AF3 /* StandardCyborgUI */; settings = {ATTRIBUTES = (CodeSignOnCopy, ); }; };
/* End PBXBuildFile section */

/* Begin PBXCopyFilesBuildPhase section */
		7663140E2CECFCDD00CC7AF3 /* Embed Frameworks */ = {
			isa = PBXCopyFilesBuildPhase;
			buildActionMask = 2147483647;
			dstPath = "";
			dstSubfolderSpec = 10;
			files = (
				7663140D2CECFCDD00CC7AF3 /* StandardCyborgFusion in Embed Frameworks */,
				7663140F2CECFCDE00CC7AF3 /* StandardCyborgUI in Embed Frameworks */,
			);
			name = "Embed Frameworks";
			runOnlyForDeploymentPostprocessing = 0;
		};
/* End PBXCopyFilesBuildPhase section */

/* Begin PBXFileReference section */
		7642B7F821E679E800BC45C7 /* StandardCyborgExample.app */ = {isa = PBXFileReference; explicitFileType = wrapper.application; includeInIndex = 0; path = StandardCyborgExample.app; sourceTree = BUILT_PRODUCTS_DIR; };
		7642B7FB21E679E800BC45C7 /* AppDelegate.swift */ = {isa = PBXFileReference; lastKnownFileType = sourcecode.swift; path = AppDelegate.swift; sourceTree = "<group>"; };
		7642B7FD21E679E800BC45C7 /* ViewController.swift */ = {isa = PBXFileReference; lastKnownFileType = sourcecode.swift; path = ViewController.swift; sourceTree = "<group>"; };
		7642B80021E679E800BC45C7 /* Base */ = {isa = PBXFileReference; lastKnownFileType = file.storyboard; name = Base; path = Base.lproj/Main.storyboard; sourceTree = "<group>"; };
		7642B80221E679E900BC45C7 /* Assets.xcassets */ = {isa = PBXFileReference; lastKnownFileType = folder.assetcatalog; path = Assets.xcassets; sourceTree = "<group>"; };
		7642B80521E679E900BC45C7 /* Base */ = {isa = PBXFileReference; lastKnownFileType = file.storyboard; name = Base; path = Base.lproj/LaunchScreen.storyboard; sourceTree = "<group>"; };
		7642B80721E679E900BC45C7 /* Info.plist */ = {isa = PBXFileReference; lastKnownFileType = text.plist.xml; path = Info.plist; sourceTree = "<group>"; };
/* End PBXFileReference section */

/* Begin PBXFrameworksBuildPhase section */
		7642B7F521E679E800BC45C7 /* Frameworks */ = {
			isa = PBXFrameworksBuildPhase;
			buildActionMask = 2147483647;
			files = (
				766314042CEB185300CC7AF3 /* StandardCyborgFusion in Frameworks */,
				766314072CEB186300CC7AF3 /* StandardCyborgUI in Frameworks */,
			);
			runOnlyForDeploymentPostprocessing = 0;
		};
/* End PBXFrameworksBuildPhase section */

/* Begin PBXGroup section */
		7642B7EF21E679E800BC45C7 = {
			isa = PBXGroup;
			children = (
				7642B7FA21E679E800BC45C7 /* StandardCyborgExample */,
				7642B7F921E679E800BC45C7 /* Products */,
				7642B81321E69ADB00BC45C7 /* Frameworks */,
			);
			sourceTree = "<group>";
		};
		7642B7F921E679E800BC45C7 /* Products */ = {
			isa = PBXGroup;
			children = (
				7642B7F821E679E800BC45C7 /* StandardCyborgExample.app */,
			);
			name = Products;
			sourceTree = "<group>";
		};
		7642B7FA21E679E800BC45C7 /* StandardCyborgExample */ = {
			isa = PBXGroup;
			children = (
				7642B7FB21E679E800BC45C7 /* AppDelegate.swift */,
				7642B7FD21E679E800BC45C7 /* ViewController.swift */,
				7642B7FF21E679E800BC45C7 /* Main.storyboard */,
				7642B80221E679E900BC45C7 /* Assets.xcassets */,
				7642B80421E679E900BC45C7 /* LaunchScreen.storyboard */,
				7642B80721E679E900BC45C7 /* Info.plist */,
			);
			path = StandardCyborgExample;
			sourceTree = "<group>";
		};
		7642B81321E69ADB00BC45C7 /* Frameworks */ = {
			isa = PBXGroup;
			children = (
			);
			name = Frameworks;
			sourceTree = "<group>";
		};
/* End PBXGroup section */

/* Begin PBXNativeTarget section */
		7642B7F721E679E800BC45C7 /* StandardCyborgExample */ = {
			isa = PBXNativeTarget;
			buildConfigurationList = 7642B80A21E679E900BC45C7 /* Build configuration list for PBXNativeTarget "StandardCyborgExample" */;
			buildPhases = (
				7642B7F421E679E800BC45C7 /* Sources */,
				7642B7F521E679E800BC45C7 /* Frameworks */,
				7642B7F621E679E800BC45C7 /* Resources */,
				7663140E2CECFCDD00CC7AF3 /* Embed Frameworks */,
			);
			buildRules = (
			);
			dependencies = (
				7663140A2CECF41100CC7AF3 /* PBXTargetDependency */,
				7663140C2CECF41100CC7AF3 /* PBXTargetDependency */,
			);
			name = StandardCyborgExample;
			productName = CatScan;
			productReference = 7642B7F821E679E800BC45C7 /* StandardCyborgExample.app */;
			productType = "com.apple.product-type.application";
		};
/* End PBXNativeTarget section */

/* Begin PBXProject section */
		7642B7F021E679E800BC45C7 /* Project object */ = {
			isa = PBXProject;
			attributes = {
				BuildIndependentTargetsInParallel = YES;
				LastSwiftUpdateCheck = 1010;
				LastUpgradeCheck = 1610;
				ORGANIZATIONNAME = "Standard Cyborg";
				TargetAttributes = {
					7642B7F721E679E800BC45C7 = {
						CreatedOnToolsVersion = 10.1;
						LastSwiftMigration = 1020;
					};
				};
			};
			buildConfigurationList = 7642B7F321E679E800BC45C7 /* Build configuration list for PBXProject "StandardCyborgExample" */;
			compatibilityVersion = "Xcode 9.3";
			developmentRegion = en;
			hasScannedForEncodings = 0;
			knownRegions = (
				en,
				Base,
			);
			mainGroup = 7642B7EF21E679E800BC45C7;
			packageReferences = (
				766314022CEB185300CC7AF3 /* XCLocalSwiftPackageReference "../StandardCyborgFusion" */,
				766314052CEB186300CC7AF3 /* XCLocalSwiftPackageReference "../StandardCyborgUI" */,
			);
			productRefGroup = 7642B7F921E679E800BC45C7 /* Products */;
			projectDirPath = "";
			projectRoot = "";
			targets = (
				7642B7F721E679E800BC45C7 /* StandardCyborgExample */,
			);
		};
/* End PBXProject section */

/* Begin PBXResourcesBuildPhase section */
		7642B7F621E679E800BC45C7 /* Resources */ = {
			isa = PBXResourcesBuildPhase;
			buildActionMask = 2147483647;
			files = (
				7642B80621E679E900BC45C7 /* LaunchScreen.storyboard in Resources */,
				7642B80321E679E900BC45C7 /* Assets.xcassets in Resources */,
				7642B80121E679E800BC45C7 /* Main.storyboard in Resources */,
			);
			runOnlyForDeploymentPostprocessing = 0;
		};
/* End PBXResourcesBuildPhase section */

/* Begin PBXSourcesBuildPhase section */
		7642B7F421E679E800BC45C7 /* Sources */ = {
			isa = PBXSourcesBuildPhase;
			buildActionMask = 2147483647;
			files = (
				7642B7FE21E679E800BC45C7 /* ViewController.swift in Sources */,
				7642B7FC21E679E800BC45C7 /* AppDelegate.swift in Sources */,
			);
			runOnlyForDeploymentPostprocessing = 0;
		};
/* End PBXSourcesBuildPhase section */

/* Begin PBXTargetDependency section */
		7663140A2CECF41100CC7AF3 /* PBXTargetDependency */ = {
			isa = PBXTargetDependency;
			productRef = 766314092CECF41100CC7AF3 /* StandardCyborgFusion */;
		};
		7663140C2CECF41100CC7AF3 /* PBXTargetDependency */ = {
			isa = PBXTargetDependency;
			productRef = 7663140B2CECF41100CC7AF3 /* StandardCyborgUI */;
		};
/* End PBXTargetDependency section */

/* Begin PBXVariantGroup section */
		7642B7FF21E679E800BC45C7 /* Main.storyboard */ = {
			isa = PBXVariantGroup;
			children = (
				7642B80021E679E800BC45C7 /* Base */,
			);
			name = Main.storyboard;
			sourceTree = "<group>";
		};
		7642B80421E679E900BC45C7 /* LaunchScreen.storyboard */ = {
			isa = PBXVariantGroup;
			children = (
				7642B80521E679E900BC45C7 /* Base */,
			);
			name = LaunchScreen.storyboard;
			sourceTree = "<group>";
		};
/* End PBXVariantGroup section */

/* Begin XCBuildConfiguration section */
		7642B80821E679E900BC45C7 /* Debug */ = {
			isa = XCBuildConfiguration;
			buildSettings = {
				ALWAYS_SEARCH_USER_PATHS = NO;
				ASSETCATALOG_COMPILER_GENERATE_SWIFT_ASSET_SYMBOL_EXTENSIONS = YES;
				CLANG_ANALYZER_NONNULL = YES;
				CLANG_ANALYZER_NUMBER_OBJECT_CONVERSION = YES_AGGRESSIVE;
				CLANG_CXX_LANGUAGE_STANDARD = "gnu++14";
				CLANG_CXX_LIBRARY = "libc++";
				CLANG_ENABLE_MODULES = YES;
				CLANG_ENABLE_OBJC_ARC = YES;
				CLANG_ENABLE_OBJC_WEAK = YES;
				CLANG_WARN_BLOCK_CAPTURE_AUTORELEASING = YES;
				CLANG_WARN_BOOL_CONVERSION = YES;
				CLANG_WARN_COMMA = YES;
				CLANG_WARN_CONSTANT_CONVERSION = YES;
				CLANG_WARN_DEPRECATED_OBJC_IMPLEMENTATIONS = YES;
				CLANG_WARN_DIRECT_OBJC_ISA_USAGE = YES_ERROR;
				CLANG_WARN_DOCUMENTATION_COMMENTS = YES;
				CLANG_WARN_EMPTY_BODY = YES;
				CLANG_WARN_ENUM_CONVERSION = YES;
				CLANG_WARN_INFINITE_RECURSION = YES;
				CLANG_WARN_INT_CONVERSION = YES;
				CLANG_WARN_NON_LITERAL_NULL_CONVERSION = YES;
				CLANG_WARN_OBJC_IMPLICIT_RETAIN_SELF = NO;
				CLANG_WARN_OBJC_LITERAL_CONVERSION = YES;
				CLANG_WARN_OBJC_ROOT_CLASS = YES_ERROR;
				CLANG_WARN_QUOTED_INCLUDE_IN_FRAMEWORK_HEADER = YES;
				CLANG_WARN_RANGE_LOOP_ANALYSIS = YES;
				CLANG_WARN_STRICT_PROTOTYPES = YES;
				CLANG_WARN_SUSPICIOUS_MOVE = YES;
				CLANG_WARN_UNGUARDED_AVAILABILITY = YES_AGGRESSIVE;
				CLANG_WARN_UNREACHABLE_CODE = YES;
				CLANG_WARN__DUPLICATE_METHOD_MATCH = YES;
				CODE_SIGN_IDENTITY = "iPhone Developer";
				COPY_PHASE_STRIP = NO;
				DEAD_CODE_STRIPPING = YES;
				DEBUG_INFORMATION_FORMAT = dwarf;
				ENABLE_STRICT_OBJC_MSGSEND = YES;
				ENABLE_TESTABILITY = YES;
				ENABLE_USER_SCRIPT_SANDBOXING = YES;
				GCC_C_LANGUAGE_STANDARD = gnu11;
				GCC_NO_COMMON_BLOCKS = YES;
				GCC_OPTIMIZATION_LEVEL = 0;
				GCC_PREPROCESSOR_DEFINITIONS = (
					"DEBUG=1",
					"$(inherited)",
				);
				GCC_WARN_64_TO_32_BIT_CONVERSION = YES;
				GCC_WARN_ABOUT_RETURN_TYPE = YES_ERROR;
				GCC_WARN_UNDECLARED_SELECTOR = YES;
				GCC_WARN_UNINITIALIZED_AUTOS = YES_AGGRESSIVE;
				GCC_WARN_UNUSED_FUNCTION = YES;
				GCC_WARN_UNUSED_VARIABLE = YES;
				IPHONEOS_DEPLOYMENT_TARGET = 16.6;
				MTL_ENABLE_DEBUG_INFO = INCLUDE_SOURCE;
				MTL_FAST_MATH = YES;
				ONLY_ACTIVE_ARCH = YES;
				SWIFT_ACTIVE_COMPILATION_CONDITIONS = DEBUG;
				SWIFT_OPTIMIZATION_LEVEL = "-Onone";
			};
			name = Debug;
		};
		7642B80921E679E900BC45C7 /* Release */ = {
			isa = XCBuildConfiguration;
			buildSettings = {
				ALWAYS_SEARCH_USER_PATHS = NO;
				ASSETCATALOG_COMPILER_GENERATE_SWIFT_ASSET_SYMBOL_EXTENSIONS = YES;
				CLANG_ANALYZER_NONNULL = YES;
				CLANG_ANALYZER_NUMBER_OBJECT_CONVERSION = YES_AGGRESSIVE;
				CLANG_CXX_LANGUAGE_STANDARD = "gnu++14";
				CLANG_CXX_LIBRARY = "libc++";
				CLANG_ENABLE_MODULES = YES;
				CLANG_ENABLE_OBJC_ARC = YES;
				CLANG_ENABLE_OBJC_WEAK = YES;
				CLANG_WARN_BLOCK_CAPTURE_AUTORELEASING = YES;
				CLANG_WARN_BOOL_CONVERSION = YES;
				CLANG_WARN_COMMA = YES;
				CLANG_WARN_CONSTANT_CONVERSION = YES;
				CLANG_WARN_DEPRECATED_OBJC_IMPLEMENTATIONS = YES;
				CLANG_WARN_DIRECT_OBJC_ISA_USAGE = YES_ERROR;
				CLANG_WARN_DOCUMENTATION_COMMENTS = YES;
				CLANG_WARN_EMPTY_BODY = YES;
				CLANG_WARN_ENUM_CONVERSION = YES;
				CLANG_WARN_INFINITE_RECURSION = YES;
				CLANG_WARN_INT_CONVERSION = YES;
				CLANG_WARN_NON_LITERAL_NULL_CONVERSION = YES;
				CLANG_WARN_OBJC_IMPLICIT_RETAIN_SELF = NO;
				CLANG_WARN_OBJC_LITERAL_CONVERSION = YES;
				CLANG_WARN_OBJC_ROOT_CLASS = YES_ERROR;
				CLANG_WARN_QUOTED_INCLUDE_IN_FRAMEWORK_HEADER = YES;
				CLANG_WARN_RANGE_LOOP_ANALYSIS = YES;
				CLANG_WARN_STRICT_PROTOTYPES = YES;
				CLANG_WARN_SUSPICIOUS_MOVE = YES;
				CLANG_WARN_UNGUARDED_AVAILABILITY = YES_AGGRESSIVE;
				CLANG_WARN_UNREACHABLE_CODE = YES;
				CLANG_WARN__DUPLICATE_METHOD_MATCH = YES;
				CODE_SIGN_IDENTITY = "iPhone Developer";
				COPY_PHASE_STRIP = NO;
				DEAD_CODE_STRIPPING = YES;
				DEBUG_INFORMATION_FORMAT = "dwarf-with-dsym";
				ENABLE_NS_ASSERTIONS = NO;
				ENABLE_STRICT_OBJC_MSGSEND = YES;
				ENABLE_USER_SCRIPT_SANDBOXING = YES;
				GCC_C_LANGUAGE_STANDARD = gnu11;
				GCC_NO_COMMON_BLOCKS = YES;
				GCC_WARN_64_TO_32_BIT_CONVERSION = YES;
				GCC_WARN_ABOUT_RETURN_TYPE = YES_ERROR;
				GCC_WARN_UNDECLARED_SELECTOR = YES;
				GCC_WARN_UNINITIALIZED_AUTOS = YES_AGGRESSIVE;
				GCC_WARN_UNUSED_FUNCTION = YES;
				GCC_WARN_UNUSED_VARIABLE = YES;
				IPHONEOS_DEPLOYMENT_TARGET = 16.6;
				MTL_ENABLE_DEBUG_INFO = NO;
				MTL_FAST_MATH = YES;
				SWIFT_COMPILATION_MODE = wholemodule;
				SWIFT_OPTIMIZATION_LEVEL = "-O";
				VALIDATE_PRODUCT = YES;
			};
			name = Release;
		};
		7642B80B21E679E900BC45C7 /* Debug */ = {
			isa = XCBuildConfiguration;
			buildSettings = {
				ASSETCATALOG_COMPILER_APPICON_NAME = AppIcon;
				CODE_SIGN_STYLE = Automatic;
				DEVELOPMENT_TEAM = FZU7U4ED2K;
				FRAMEWORK_SEARCH_PATHS = (
					"$(PROJECT_DIR)",
					"$(inherited)",
				);
				INFOPLIST_FILE = "$(SRCROOT)/StandardCyborgExample/Info.plist";
				LD_RUNPATH_SEARCH_PATHS = (
					"$(inherited)",
					"@executable_path/Frameworks",
				);
				PRODUCT_BUNDLE_IDENTIFIER = com.StandardCyborg.StandardCyborgExample;
				PRODUCT_NAME = "$(TARGET_NAME)";
				SDKROOT = iphoneos;
				SUPPORTED_PLATFORMS = "iphonesimulator iphoneos";
				SWIFT_VERSION = 5.0;
				TARGETED_DEVICE_FAMILY = "1,2";
				VALID_ARCHS = x86_64;
				"VALID_ARCHS[sdk=iphoneos*]" = arm64;
			};
			name = Debug;
		};
		7642B80C21E679E900BC45C7 /* Release */ = {
			isa = XCBuildConfiguration;
			buildSettings = {
				ASSETCATALOG_COMPILER_APPICON_NAME = AppIcon;
				CODE_SIGN_STYLE = Automatic;
				DEVELOPMENT_TEAM = FZU7U4ED2K;
				FRAMEWORK_SEARCH_PATHS = (
					"$(inherited)",
					"$(PROJECT_DIR)",
				);
				INFOPLIST_FILE = "$(SRCROOT)/StandardCyborgExample/Info.plist";
				LD_RUNPATH_SEARCH_PATHS = (
					"$(inherited)",
					"@executable_path/Frameworks",
				);
				PRODUCT_BUNDLE_IDENTIFIER = com.StandardCyborg.StandardCyborgExample;
				PRODUCT_NAME = "$(TARGET_NAME)";
				SDKROOT = iphoneos;
				SUPPORTED_PLATFORMS = "iphonesimulator iphoneos";
				SWIFT_VERSION = 5.0;
				TARGETED_DEVICE_FAMILY = "1,2";
				VALID_ARCHS = x86_64;
				"VALID_ARCHS[sdk=iphoneos*]" = arm64;
			};
			name = Release;
		};
/* End XCBuildConfiguration section */

/* Begin XCConfigurationList section */
		7642B7F321E679E800BC45C7 /* Build configuration list for PBXProject "StandardCyborgExample" */ = {
			isa = XCConfigurationList;
			buildConfigurations = (
				7642B80821E679E900BC45C7 /* Debug */,
				7642B80921E679E900BC45C7 /* Release */,
			);
			defaultConfigurationIsVisible = 0;
			defaultConfigurationName = Release;
		};
		7642B80A21E679E900BC45C7 /* Build configuration list for PBXNativeTarget "StandardCyborgExample" */ = {
			isa = XCConfigurationList;
			buildConfigurations = (
				7642B80B21E679E900BC45C7 /* Debug */,
				7642B80C21E679E900BC45C7 /* Release */,
			);
			defaultConfigurationIsVisible = 0;
			defaultConfigurationName = Release;
		};
/* End XCConfigurationList section */

/* Begin XCLocalSwiftPackageReference section */
		766314022CEB185300CC7AF3 /* XCLocalSwiftPackageReference "../StandardCyborgFusion" */ = {
			isa = XCLocalSwiftPackageReference;
			relativePath = ../StandardCyborgFusion;
		};
		766314052CEB186300CC7AF3 /* XCLocalSwiftPackageReference "../StandardCyborgUI" */ = {
			isa = XCLocalSwiftPackageReference;
			relativePath = ../StandardCyborgUI;
		};
/* End XCLocalSwiftPackageReference section */

/* Begin XCSwiftPackageProductDependency section */
		766314032CEB185300CC7AF3 /* StandardCyborgFusion */ = {
			isa = XCSwiftPackageProductDependency;
			productName = StandardCyborgFusion;
		};
		766314062CEB186300CC7AF3 /* StandardCyborgUI */ = {
			isa = XCSwiftPackageProductDependency;
			productName = StandardCyborgUI;
		};
		766314092CECF41100CC7AF3 /* StandardCyborgFusion */ = {
			isa = XCSwiftPackageProductDependency;
			package = 766314022CEB185300CC7AF3 /* XCLocalSwiftPackageReference "../StandardCyborgFusion" */;
			productName = StandardCyborgFusion;
		};
		7663140B2CECF41100CC7AF3 /* StandardCyborgUI */ = {
			isa = XCSwiftPackageProductDependency;
			package = 766314052CEB186300CC7AF3 /* XCLocalSwiftPackageReference "../StandardCyborgUI" */;
			productName = StandardCyborgUI;
		};
/* End XCSwiftPackageProductDependency section */
	};
	rootObject = 7642B7F021E679E800BC45C7 /* Project object */;
}
