PODS:
  - StandardCyborgFusion (2.3.2)
  - StandardCyborgUI (1.7.1):
    - StandardCyborgFusion

DEPENDENCIES:
  - StandardCyborgFusion
  - StandardCyborgUI

SPEC REPOS:
  trunk:
    - StandardCyborgFusion
    - StandardCyborgUI

SPEC CHECKSUMS:
  StandardCyborgFusion: f5c03dbf55f6c899924f887c76a424785c084513
  StandardCyborgUI: ab2fcc42898f4e16e782e2922dab273f97348164

PODFILE CHECKSUM: c744a9dafb0a548ac93e30bd38c9cfa7f7d72b35

COCOAPODS: 1.14.3
