PODS:
  - StandardCyborgFusion (2.3.1)
  - StandardCyborgUI (1.7.1):
    - StandardCyborgFusion

DEPENDENCIES:
  - StandardCyborgFusion
  - StandardCyborgUI

SPEC REPOS:
  trunk:
    - StandardCyborgFusion
    - StandardCyborgUI

SPEC CHECKSUMS:
  StandardCyborgFusion: addf61950fe03b35e6a0a512e6f796b23962772a
  StandardCyborgUI: ab2fcc42898f4e16e782e2922dab273f97348164

PODFILE CHECKSUM: c744a9dafb0a548ac93e30bd38c9cfa7f7d72b35

COCOAPODS: 1.11.3
