// !$*UTF8*$!
{
	archiveVersion = 1;
	classes = {
	};
	objectVersion = 50;
	objects = {

/* Begin PBXBuildFile section */
		76122BEA21EC2AFD00D887DF /* ServerUser.swift in Sources */ = {isa = PBXBuildFile; fileRef = 76122BE921EC2AFD00D887DF /* ServerUser.swift */; };
		76122BEC21EC2B3A00D887DF /* ServerCustomer.swift in Sources */ = {isa = PBXBuildFile; fileRef = 76122BEB21EC2B3A00D887DF /* ServerCustomer.swift */; };
		76122BF221ED041500D887DF /* ServerOperationError.swift in Sources */ = {isa = PBXBuildFile; fileRef = 76122BF121ED041500D887DF /* ServerOperationError.swift */; };
		761FB76F2306062B004E48F3 /* ServerS3Support.swift in Sources */ = {isa = PBXBuildFile; fileRef = 761FB76E2306062B004E48F3 /* ServerS3Support.swift */; };
		761FB771230608AA004E48F3 /* ServerOperation.swift in Sources */ = {isa = PBXBuildFile; fileRef = 761FB770230608AA004E48F3 /* ServerOperation.swift */; };
		761FB794230738D4004E48F3 /* PMKFoundation.framework in CopyFiles */ = {isa = PBXBuildFile; fileRef = 7623166521EDBD2D004D1AFB /* PMKFoundation.framework */; settings = {ATTRIBUTES = (CodeSignOnCopy, RemoveHeadersOnCopy, ); }; };
		761FB79623073BEB004E48F3 /* PromiseKit.framework in CopyFiles */ = {isa = PBXBuildFile; fileRef = 7623165B21EDB0E5004D1AFB /* PromiseKit.framework */; settings = {ATTRIBUTES = (CodeSignOnCopy, RemoveHeadersOnCopy, ); }; };
		7623165D21EDB0E5004D1AFB /* PromiseKit.framework in Frameworks */ = {isa = PBXBuildFile; fileRef = 7623165B21EDB0E5004D1AFB /* PromiseKit.framework */; };
		7623166621EDBD2D004D1AFB /* PMKFoundation.framework in Frameworks */ = {isa = PBXBuildFile; fileRef = 7623166521EDBD2D004D1AFB /* PMKFoundation.framework */; settings = {ATTRIBUTES = (Weak, ); }; };
		7632DBA223B6C26500B67A7E /* ServerUserOperationsTests.swift in Sources */ = {isa = PBXBuildFile; fileRef = 7632DBA123B6C26500B67A7E /* ServerUserOperationsTests.swift */; };
		7632DBA423B6C26500B67A7E /* StandardCyborgNetworking.framework in Frameworks */ = {isa = PBXBuildFile; fileRef = 76E7E13C21E95C140038C9E0 /* StandardCyborgNetworking.framework */; };
		7632DBB423B6D87F00B67A7E /* auth-generate_access_token-post-success.json in Resources */ = {isa = PBXBuildFile; fileRef = 7632DBB323B6D87F00B67A7E /* auth-generate_access_token-post-success.json */; };
		7632DBB623B6DB7300B67A7E /* TestAPIClient.swift in Sources */ = {isa = PBXBuildFile; fileRef = 7632DB9923B6C05C00B67A7E /* TestAPIClient.swift */; };
		7632DBB823B6E03400B67A7E /* Zip.framework in CopyFiles */ = {isa = PBXBuildFile; fileRef = 7632DBB723B6E03400B67A7E /* Zip.framework */; settings = {ATTRIBUTES = (CodeSignOnCopy, RemoveHeadersOnCopy, ); }; };
		7632DBBA23B6E3AF00B67A7E /* auth-sign_in-post-success.json in Resources */ = {isa = PBXBuildFile; fileRef = 7632DBB923B6E3AF00B67A7E /* auth-sign_in-post-success.json */; };
		7632DBBD23B6E88600B67A7E /* auth-sign_in-post-failure.json in Resources */ = {isa = PBXBuildFile; fileRef = 7632DBBC23B6E78B00B67A7E /* auth-sign_in-post-failure.json */; };
		7632DBBE23B6E88A00B67A7E /* auth-sign_up-post-success.json in Resources */ = {isa = PBXBuildFile; fileRef = 7632DBBB23B6E6CD00B67A7E /* auth-sign_up-post-success.json */; };
		7632DBC023B6ED1A00B67A7E /* TestDataSource.swift in Sources */ = {isa = PBXBuildFile; fileRef = 7632DBBF23B6ED1A00B67A7E /* TestDataSource.swift */; };
		7632DBC223B6F0CA00B67A7E /* ServerSceneOperationsTests.swift in Sources */ = {isa = PBXBuildFile; fileRef = 7632DBC123B6F0CA00B67A7E /* ServerSceneOperationsTests.swift */; };
		7632DBC423B6F17600B67A7E /* scenes-uid-versions-put-success.json in Resources */ = {isa = PBXBuildFile; fileRef = 7632DBC323B6F17600B67A7E /* scenes-uid-versions-put-success.json */; };
		7632DBC623B7A97100B67A7E /* scenes-post-success.json in Resources */ = {isa = PBXBuildFile; fileRef = 7632DBC523B6F18600B67A7E /* scenes-post-success.json */; };
		7632DBC823B7B13200B67A7E /* empty.gltf in Resources */ = {isa = PBXBuildFile; fileRef = 7632DBC723B7B13200B67A7E /* empty.gltf */; };
		7632DBCA23B7B17A00B67A7E /* empty.jpeg in Resources */ = {isa = PBXBuildFile; fileRef = 7632DBC923B7B17A00B67A7E /* empty.jpeg */; };
		7632DBCC23B7B35F00B67A7E /* direct_uploads-post-success.json in Resources */ = {isa = PBXBuildFile; fileRef = 7632DBCB23B7B27E00B67A7E /* direct_uploads-post-success.json */; };
		7632DBCE23B9040900B67A7E /* scenes-get-success.json in Resources */ = {isa = PBXBuildFile; fileRef = 7632DBCD23B9040900B67A7E /* scenes-get-success.json */; };
		7632DBD023B90A6200B67A7E /* scenes-uid-delete-success.json in Resources */ = {isa = PBXBuildFile; fileRef = 7632DBCF23B90A6200B67A7E /* scenes-uid-delete-success.json */; };
		765BC1C7230288DB005BD512 /* ServerSceneOperations.swift in Sources */ = {isa = PBXBuildFile; fileRef = 765BC1C6230288DB005BD512 /* ServerSceneOperations.swift */; };
		765BC1C923028F28005BD512 /* ServerScene.swift in Sources */ = {isa = PBXBuildFile; fileRef = 765BC1C823028F28005BD512 /* ServerScene.swift */; };
		765BC1CB23028FDB005BD512 /* UploadStatus.swift in Sources */ = {isa = PBXBuildFile; fileRef = 765BC1CA23028FDB005BD512 /* UploadStatus.swift */; };
		7665165D23BFCD2400CDE1E5 /* teams-post-success.json in Resources */ = {isa = PBXBuildFile; fileRef = 7665165C23BFCD2400CDE1E5 /* teams-post-success.json */; };
		7665165F23BFCD3E00CDE1E5 /* ServerTeamOperations.swift in Sources */ = {isa = PBXBuildFile; fileRef = 7665165E23BFCD3E00CDE1E5 /* ServerTeamOperations.swift */; };
		7665166123BFCDB500CDE1E5 /* ServerTeamOperationsTests.swift in Sources */ = {isa = PBXBuildFile; fileRef = 7665166023BFCDB500CDE1E5 /* ServerTeamOperationsTests.swift */; };
		7665166A23C012EF00CDE1E5 /* teams-get-success.json in Resources */ = {isa = PBXBuildFile; fileRef = 7665166223BFD0C700CDE1E5 /* teams-get-success.json */; };
		76E7E14121E95C140038C9E0 /* StandardCyborgNetworking.h in Headers */ = {isa = PBXBuildFile; fileRef = 76E7E13F21E95C140038C9E0 /* StandardCyborgNetworking.h */; settings = {ATTRIBUTES = (Public, ); }; };
		76E7E15121E95C5B0038C9E0 /* ServerUserOperations.swift in Sources */ = {isa = PBXBuildFile; fileRef = 76E7E14721E95C590038C9E0 /* ServerUserOperations.swift */; };
		76E7E15321E95C5B0038C9E0 /* ServerAPIClient.swift in Sources */ = {isa = PBXBuildFile; fileRef = 76E7E14921E95C5A0038C9E0 /* ServerAPIClient.swift */; };
		76E7E15421E95C5B0038C9E0 /* MD5.swift in Sources */ = {isa = PBXBuildFile; fileRef = 76E7E14A21E95C5A0038C9E0 /* MD5.swift */; };
		76E7E15521E95C5B0038C9E0 /* DefaultServerAPIClient.swift in Sources */ = {isa = PBXBuildFile; fileRef = 76E7E14B21E95C5A0038C9E0 /* DefaultServerAPIClient.swift */; };
		76E7E15621E95C5B0038C9E0 /* ServerSyncEngine.swift in Sources */ = {isa = PBXBuildFile; fileRef = 76E7E14C21E95C5A0038C9E0 /* ServerSyncEngine.swift */; };
		76E7E15721E95C5B0038C9E0 /* ServerScanOperations.swift in Sources */ = {isa = PBXBuildFile; fileRef = 76E7E14D21E95C5A0038C9E0 /* ServerScanOperations.swift */; };
		76E7E15921E95C5B0038C9E0 /* ServerCredentials.swift in Sources */ = {isa = PBXBuildFile; fileRef = 76E7E14F21E95C5A0038C9E0 /* ServerCredentials.swift */; };
		76E7E15A21E95C5B0038C9E0 /* DateTimeTransform.swift in Sources */ = {isa = PBXBuildFile; fileRef = 76E7E15021E95C5A0038C9E0 /* DateTimeTransform.swift */; };
		A0C582DD22D553D70090FF6A /* ServerAccessToken.swift in Sources */ = {isa = PBXBuildFile; fileRef = A0C582DC22D553D70090FF6A /* ServerAccessToken.swift */; };
		A0C582E122D553E10090FF6A /* ServerScanAttachment.swift in Sources */ = {isa = PBXBuildFile; fileRef = A0C582DE22D553E10090FF6A /* ServerScanAttachment.swift */; };
		A0C582E322D553E10090FF6A /* ServerTeam.swift in Sources */ = {isa = PBXBuildFile; fileRef = A0C582E022D553E10090FF6A /* ServerTeam.swift */; };
		A0C582E522D553EC0090FF6A /* ServerScan.swift in Sources */ = {isa = PBXBuildFile; fileRef = A0C582E422D553EC0090FF6A /* ServerScan.swift */; };
		A0C582E722D553F90090FF6A /* Coding+Util.swift in Sources */ = {isa = PBXBuildFile; fileRef = A0C582E622D553F90090FF6A /* Coding+Util.swift */; };
/* End PBXBuildFile section */

/* Begin PBXContainerItemProxy section */
		7632DBA523B6C26500B67A7E /* PBXContainerItemProxy */ = {
			isa = PBXContainerItemProxy;
			containerPortal = 76E7E13321E95C140038C9E0 /* Project object */;
			proxyType = 1;
			remoteGlobalIDString = 76E7E13B21E95C140038C9E0;
			remoteInfo = StandardCyborgNetworking;
		};
/* End PBXContainerItemProxy section */

/* Begin PBXCopyFilesBuildPhase section */
		761FB793230738CB004E48F3 /* CopyFiles */ = {
			isa = PBXCopyFilesBuildPhase;
			buildActionMask = 2147483647;
			dstPath = "";
			dstSubfolderSpec = 10;
			files = (
				761FB794230738D4004E48F3 /* PMKFoundation.framework in CopyFiles */,
				761FB79623073BEB004E48F3 /* PromiseKit.framework in CopyFiles */,
				7632DBB823B6E03400B67A7E /* Zip.framework in CopyFiles */,
			);
			runOnlyForDeploymentPostprocessing = 0;
		};
/* End PBXCopyFilesBuildPhase section */

/* Begin PBXFileReference section */
		76122BE921EC2AFD00D887DF /* ServerUser.swift */ = {isa = PBXFileReference; lastKnownFileType = sourcecode.swift; path = ServerUser.swift; sourceTree = "<group>"; };
		76122BEB21EC2B3A00D887DF /* ServerCustomer.swift */ = {isa = PBXFileReference; lastKnownFileType = sourcecode.swift; path = ServerCustomer.swift; sourceTree = "<group>"; };
		76122BF121ED041500D887DF /* ServerOperationError.swift */ = {isa = PBXFileReference; lastKnownFileType = sourcecode.swift; path = ServerOperationError.swift; sourceTree = "<group>"; };
		761FB76E2306062B004E48F3 /* ServerS3Support.swift */ = {isa = PBXFileReference; lastKnownFileType = sourcecode.swift; path = ServerS3Support.swift; sourceTree = "<group>"; };
		761FB770230608AA004E48F3 /* ServerOperation.swift */ = {isa = PBXFileReference; lastKnownFileType = sourcecode.swift; path = ServerOperation.swift; sourceTree = "<group>"; };
		7623165B21EDB0E5004D1AFB /* PromiseKit.framework */ = {isa = PBXFileReference; lastKnownFileType = wrapper.framework; name = PromiseKit.framework; path = Carthage/Build/iOS/PromiseKit.framework; sourceTree = "<group>"; };
		7623166521EDBD2D004D1AFB /* PMKFoundation.framework */ = {isa = PBXFileReference; lastKnownFileType = wrapper.framework; name = PMKFoundation.framework; path = Carthage/Build/iOS/PMKFoundation.framework; sourceTree = "<group>"; };
		7632DB9923B6C05C00B67A7E /* TestAPIClient.swift */ = {isa = PBXFileReference; lastKnownFileType = sourcecode.swift; path = TestAPIClient.swift; sourceTree = "<group>"; };
		7632DB9F23B6C26500B67A7E /* StandardCyborgNetworkingTests.xctest */ = {isa = PBXFileReference; explicitFileType = wrapper.cfbundle; includeInIndex = 0; path = StandardCyborgNetworkingTests.xctest; sourceTree = BUILT_PRODUCTS_DIR; };
		7632DBA123B6C26500B67A7E /* ServerUserOperationsTests.swift */ = {isa = PBXFileReference; lastKnownFileType = sourcecode.swift; path = ServerUserOperationsTests.swift; sourceTree = "<group>"; };
		7632DBA323B6C26500B67A7E /* Info.plist */ = {isa = PBXFileReference; lastKnownFileType = text.plist.xml; path = Info.plist; sourceTree = "<group>"; };
		7632DBB323B6D87F00B67A7E /* auth-generate_access_token-post-success.json */ = {isa = PBXFileReference; lastKnownFileType = text.json; path = "auth-generate_access_token-post-success.json"; sourceTree = "<group>"; };
		7632DBB723B6E03400B67A7E /* Zip.framework */ = {isa = PBXFileReference; lastKnownFileType = wrapper.framework; name = Zip.framework; path = Carthage/Build/iOS/Zip.framework; sourceTree = "<group>"; };
		7632DBB923B6E3AF00B67A7E /* auth-sign_in-post-success.json */ = {isa = PBXFileReference; lastKnownFileType = text.json; path = "auth-sign_in-post-success.json"; sourceTree = "<group>"; };
		7632DBBB23B6E6CD00B67A7E /* auth-sign_up-post-success.json */ = {isa = PBXFileReference; lastKnownFileType = text.json; path = "auth-sign_up-post-success.json"; sourceTree = "<group>"; };
		7632DBBC23B6E78B00B67A7E /* auth-sign_in-post-failure.json */ = {isa = PBXFileReference; lastKnownFileType = text.json; path = "auth-sign_in-post-failure.json"; sourceTree = "<group>"; };
		7632DBBF23B6ED1A00B67A7E /* TestDataSource.swift */ = {isa = PBXFileReference; lastKnownFileType = sourcecode.swift; path = TestDataSource.swift; sourceTree = "<group>"; };
		7632DBC123B6F0CA00B67A7E /* ServerSceneOperationsTests.swift */ = {isa = PBXFileReference; lastKnownFileType = sourcecode.swift; path = ServerSceneOperationsTests.swift; sourceTree = "<group>"; };
		7632DBC323B6F17600B67A7E /* scenes-uid-versions-put-success.json */ = {isa = PBXFileReference; lastKnownFileType = text.json; path = "scenes-uid-versions-put-success.json"; sourceTree = "<group>"; };
		7632DBC523B6F18600B67A7E /* scenes-post-success.json */ = {isa = PBXFileReference; lastKnownFileType = text.json; path = "scenes-post-success.json"; sourceTree = "<group>"; };
		7632DBC723B7B13200B67A7E /* empty.gltf */ = {isa = PBXFileReference; fileEncoding = 4; lastKnownFileType = text; path = empty.gltf; sourceTree = "<group>"; };
		7632DBC923B7B17A00B67A7E /* empty.jpeg */ = {isa = PBXFileReference; lastKnownFileType = image.jpeg; path = empty.jpeg; sourceTree = "<group>"; };
		7632DBCB23B7B27E00B67A7E /* direct_uploads-post-success.json */ = {isa = PBXFileReference; lastKnownFileType = text.json; path = "direct_uploads-post-success.json"; sourceTree = "<group>"; };
		7632DBCD23B9040900B67A7E /* scenes-get-success.json */ = {isa = PBXFileReference; lastKnownFileType = text.json; path = "scenes-get-success.json"; sourceTree = "<group>"; };
		7632DBCF23B90A6200B67A7E /* scenes-uid-delete-success.json */ = {isa = PBXFileReference; lastKnownFileType = text.json; path = "scenes-uid-delete-success.json"; sourceTree = "<group>"; };
		765BC1C6230288DB005BD512 /* ServerSceneOperations.swift */ = {isa = PBXFileReference; lastKnownFileType = sourcecode.swift; path = ServerSceneOperations.swift; sourceTree = "<group>"; };
		765BC1C823028F28005BD512 /* ServerScene.swift */ = {isa = PBXFileReference; lastKnownFileType = sourcecode.swift; path = ServerScene.swift; sourceTree = "<group>"; };
		765BC1CA23028FDB005BD512 /* UploadStatus.swift */ = {isa = PBXFileReference; lastKnownFileType = sourcecode.swift; path = UploadStatus.swift; sourceTree = "<group>"; };
		7665165C23BFCD2400CDE1E5 /* teams-post-success.json */ = {isa = PBXFileReference; lastKnownFileType = text.json; path = "teams-post-success.json"; sourceTree = "<group>"; };
		7665165E23BFCD3E00CDE1E5 /* ServerTeamOperations.swift */ = {isa = PBXFileReference; lastKnownFileType = sourcecode.swift; path = ServerTeamOperations.swift; sourceTree = "<group>"; };
		7665166023BFCDB500CDE1E5 /* ServerTeamOperationsTests.swift */ = {isa = PBXFileReference; lastKnownFileType = sourcecode.swift; path = ServerTeamOperationsTests.swift; sourceTree = "<group>"; };
		7665166223BFD0C700CDE1E5 /* teams-get-success.json */ = {isa = PBXFileReference; lastKnownFileType = text.json; path = "teams-get-success.json"; sourceTree = "<group>"; };
		76E7E13C21E95C140038C9E0 /* StandardCyborgNetworking.framework */ = {isa = PBXFileReference; explicitFileType = wrapper.framework; includeInIndex = 0; path = StandardCyborgNetworking.framework; sourceTree = BUILT_PRODUCTS_DIR; };
		76E7E13F21E95C140038C9E0 /* StandardCyborgNetworking.h */ = {isa = PBXFileReference; lastKnownFileType = sourcecode.c.h; path = StandardCyborgNetworking.h; sourceTree = "<group>"; };
		76E7E14021E95C140038C9E0 /* Info.plist */ = {isa = PBXFileReference; lastKnownFileType = text.plist.xml; path = Info.plist; sourceTree = "<group>"; };
		76E7E14721E95C590038C9E0 /* ServerUserOperations.swift */ = {isa = PBXFileReference; fileEncoding = 4; lastKnownFileType = sourcecode.swift; path = ServerUserOperations.swift; sourceTree = "<group>"; };
		76E7E14921E95C5A0038C9E0 /* ServerAPIClient.swift */ = {isa = PBXFileReference; fileEncoding = 4; lastKnownFileType = sourcecode.swift; path = ServerAPIClient.swift; sourceTree = "<group>"; };
		76E7E14A21E95C5A0038C9E0 /* MD5.swift */ = {isa = PBXFileReference; fileEncoding = 4; lastKnownFileType = sourcecode.swift; path = MD5.swift; sourceTree = "<group>"; };
		76E7E14B21E95C5A0038C9E0 /* DefaultServerAPIClient.swift */ = {isa = PBXFileReference; fileEncoding = 4; lastKnownFileType = sourcecode.swift; path = DefaultServerAPIClient.swift; sourceTree = "<group>"; };
		76E7E14C21E95C5A0038C9E0 /* ServerSyncEngine.swift */ = {isa = PBXFileReference; fileEncoding = 4; lastKnownFileType = sourcecode.swift; path = ServerSyncEngine.swift; sourceTree = "<group>"; };
		76E7E14D21E95C5A0038C9E0 /* ServerScanOperations.swift */ = {isa = PBXFileReference; fileEncoding = 4; lastKnownFileType = sourcecode.swift; path = ServerScanOperations.swift; sourceTree = "<group>"; };
		76E7E14F21E95C5A0038C9E0 /* ServerCredentials.swift */ = {isa = PBXFileReference; fileEncoding = 4; lastKnownFileType = sourcecode.swift; path = ServerCredentials.swift; sourceTree = "<group>"; };
		76E7E15021E95C5A0038C9E0 /* DateTimeTransform.swift */ = {isa = PBXFileReference; fileEncoding = 4; lastKnownFileType = sourcecode.swift; path = DateTimeTransform.swift; sourceTree = "<group>"; };
		A0C582DC22D553D70090FF6A /* ServerAccessToken.swift */ = {isa = PBXFileReference; fileEncoding = 4; lastKnownFileType = sourcecode.swift; path = ServerAccessToken.swift; sourceTree = "<group>"; };
		A0C582DE22D553E10090FF6A /* ServerScanAttachment.swift */ = {isa = PBXFileReference; fileEncoding = 4; lastKnownFileType = sourcecode.swift; path = ServerScanAttachment.swift; sourceTree = "<group>"; };
		A0C582E022D553E10090FF6A /* ServerTeam.swift */ = {isa = PBXFileReference; fileEncoding = 4; lastKnownFileType = sourcecode.swift; path = ServerTeam.swift; sourceTree = "<group>"; };
		A0C582E422D553EC0090FF6A /* ServerScan.swift */ = {isa = PBXFileReference; fileEncoding = 4; lastKnownFileType = sourcecode.swift; path = ServerScan.swift; sourceTree = "<group>"; };
		A0C582E622D553F90090FF6A /* Coding+Util.swift */ = {isa = PBXFileReference; fileEncoding = 4; lastKnownFileType = sourcecode.swift; path = "Coding+Util.swift"; sourceTree = "<group>"; };
/* End PBXFileReference section */

/* Begin PBXFrameworksBuildPhase section */
		7632DB9C23B6C26500B67A7E /* Frameworks */ = {
			isa = PBXFrameworksBuildPhase;
			buildActionMask = 2147483647;
			files = (
				7632DBA423B6C26500B67A7E /* StandardCyborgNetworking.framework in Frameworks */,
			);
			runOnlyForDeploymentPostprocessing = 0;
		};
		76E7E13921E95C140038C9E0 /* Frameworks */ = {
			isa = PBXFrameworksBuildPhase;
			buildActionMask = 2147483647;
			files = (
				7623166621EDBD2D004D1AFB /* PMKFoundation.framework in Frameworks */,
				7623165D21EDB0E5004D1AFB /* PromiseKit.framework in Frameworks */,
			);
			runOnlyForDeploymentPostprocessing = 0;
		};
/* End PBXFrameworksBuildPhase section */

/* Begin PBXGroup section */
		76122BEF21ED03CA00D887DF /* Model */ = {
			isa = PBXGroup;
			children = (
				A0C582DC22D553D70090FF6A /* ServerAccessToken.swift */,
				76E7E14F21E95C5A0038C9E0 /* ServerCredentials.swift */,
				76122BEB21EC2B3A00D887DF /* ServerCustomer.swift */,
				A0C582E422D553EC0090FF6A /* ServerScan.swift */,
				765BC1C823028F28005BD512 /* ServerScene.swift */,
				A0C582DE22D553E10090FF6A /* ServerScanAttachment.swift */,
				A0C582E022D553E10090FF6A /* ServerTeam.swift */,
				76122BE921EC2AFD00D887DF /* ServerUser.swift */,
				765BC1CA23028FDB005BD512 /* UploadStatus.swift */,
			);
			path = Model;
			sourceTree = "<group>";
		};
		76122BF021ED03F700D887DF /* Operations */ = {
			isa = PBXGroup;
			children = (
				76E7E14C21E95C5A0038C9E0 /* ServerSyncEngine.swift */,
				76122BF121ED041500D887DF /* ServerOperationError.swift */,
				761FB770230608AA004E48F3 /* ServerOperation.swift */,
				76E7E14D21E95C5A0038C9E0 /* ServerScanOperations.swift */,
				765BC1C6230288DB005BD512 /* ServerSceneOperations.swift */,
				76E7E14721E95C590038C9E0 /* ServerUserOperations.swift */,
				7665165E23BFCD3E00CDE1E5 /* ServerTeamOperations.swift */,
				761FB76E2306062B004E48F3 /* ServerS3Support.swift */,
			);
			path = Operations;
			sourceTree = "<group>";
		};
		76122BF421ED081300D887DF /* Helpers */ = {
			isa = PBXGroup;
			children = (
				A0C582E622D553F90090FF6A /* Coding+Util.swift */,
				76E7E15021E95C5A0038C9E0 /* DateTimeTransform.swift */,
				76E7E14A21E95C5A0038C9E0 /* MD5.swift */,
			);
			path = Helpers;
			sourceTree = "<group>";
		};
		7623165921EDB0E5004D1AFB /* Frameworks */ = {
			isa = PBXGroup;
			children = (
				7632DBB723B6E03400B67A7E /* Zip.framework */,
				7623166521EDBD2D004D1AFB /* PMKFoundation.framework */,
				7623165B21EDB0E5004D1AFB /* PromiseKit.framework */,
			);
			name = Frameworks;
			sourceTree = "<group>";
		};
		7632DBA023B6C26500B67A7E /* StandardCyborgNetworkingTests */ = {
			isa = PBXGroup;
			children = (
				7632DBBF23B6ED1A00B67A7E /* TestDataSource.swift */,
				7632DBA123B6C26500B67A7E /* ServerUserOperationsTests.swift */,
				7665166023BFCDB500CDE1E5 /* ServerTeamOperationsTests.swift */,
				7632DBC123B6F0CA00B67A7E /* ServerSceneOperationsTests.swift */,
				7632DBB223B6D83600B67A7E /* ResponseJSON */,
				7632DBA323B6C26500B67A7E /* Info.plist */,
			);
			path = StandardCyborgNetworkingTests;
			sourceTree = "<group>";
		};
		7632DBB223B6D83600B67A7E /* ResponseJSON */ = {
			isa = PBXGroup;
			children = (
				7632DBB323B6D87F00B67A7E /* auth-generate_access_token-post-success.json */,
				7632DBBB23B6E6CD00B67A7E /* auth-sign_up-post-success.json */,
				7632DBB923B6E3AF00B67A7E /* auth-sign_in-post-success.json */,
				7632DBBC23B6E78B00B67A7E /* auth-sign_in-post-failure.json */,
				7632DBCB23B7B27E00B67A7E /* direct_uploads-post-success.json */,
				7632DBCD23B9040900B67A7E /* scenes-get-success.json */,
				7632DBC523B6F18600B67A7E /* scenes-post-success.json */,
				7632DBC323B6F17600B67A7E /* scenes-uid-versions-put-success.json */,
				7632DBCF23B90A6200B67A7E /* scenes-uid-delete-success.json */,
				7665165C23BFCD2400CDE1E5 /* teams-post-success.json */,
				7665166223BFD0C700CDE1E5 /* teams-get-success.json */,
				7632DBC723B7B13200B67A7E /* empty.gltf */,
				7632DBC923B7B17A00B67A7E /* empty.jpeg */,
			);
			path = ResponseJSON;
			sourceTree = "<group>";
		};
		76E7E13221E95C140038C9E0 = {
			isa = PBXGroup;
			children = (
				76E7E13E21E95C140038C9E0 /* StandardCyborgNetworking */,
				7632DBA023B6C26500B67A7E /* StandardCyborgNetworkingTests */,
				76E7E13D21E95C140038C9E0 /* Products */,
				7623165921EDB0E5004D1AFB /* Frameworks */,
			);
			sourceTree = "<group>";
		};
		76E7E13D21E95C140038C9E0 /* Products */ = {
			isa = PBXGroup;
			children = (
				76E7E13C21E95C140038C9E0 /* StandardCyborgNetworking.framework */,
				7632DB9F23B6C26500B67A7E /* StandardCyborgNetworkingTests.xctest */,
			);
			name = Products;
			sourceTree = "<group>";
		};
		76E7E13E21E95C140038C9E0 /* StandardCyborgNetworking */ = {
			isa = PBXGroup;
			children = (
				76E7E14921E95C5A0038C9E0 /* ServerAPIClient.swift */,
				7632DB9923B6C05C00B67A7E /* TestAPIClient.swift */,
				76E7E14B21E95C5A0038C9E0 /* DefaultServerAPIClient.swift */,
				76122BEF21ED03CA00D887DF /* Model */,
				76122BF021ED03F700D887DF /* Operations */,
				76122BF421ED081300D887DF /* Helpers */,
				76E7E13F21E95C140038C9E0 /* StandardCyborgNetworking.h */,
				76E7E14021E95C140038C9E0 /* Info.plist */,
			);
			path = StandardCyborgNetworking;
			sourceTree = "<group>";
		};
/* End PBXGroup section */

/* Begin PBXHeadersBuildPhase section */
		76E7E13721E95C140038C9E0 /* Headers */ = {
			isa = PBXHeadersBuildPhase;
			buildActionMask = 2147483647;
			files = (
				76E7E14121E95C140038C9E0 /* StandardCyborgNetworking.h in Headers */,
			);
			runOnlyForDeploymentPostprocessing = 0;
		};
/* End PBXHeadersBuildPhase section */

/* Begin PBXNativeTarget section */
		7632DB9E23B6C26500B67A7E /* StandardCyborgNetworkingTests */ = {
			isa = PBXNativeTarget;
			buildConfigurationList = 7632DBA723B6C26500B67A7E /* Build configuration list for PBXNativeTarget "StandardCyborgNetworkingTests" */;
			buildPhases = (
				7632DB9B23B6C26500B67A7E /* Sources */,
				7632DB9C23B6C26500B67A7E /* Frameworks */,
				7632DB9D23B6C26500B67A7E /* Resources */,
			);
			buildRules = (
			);
			dependencies = (
				7632DBA623B6C26500B67A7E /* PBXTargetDependency */,
			);
			name = StandardCyborgNetworkingTests;
			productName = StandardCyborgNetworkingTests;
			productReference = 7632DB9F23B6C26500B67A7E /* StandardCyborgNetworkingTests.xctest */;
			productType = "com.apple.product-type.bundle.unit-test";
		};
		76E7E13B21E95C140038C9E0 /* StandardCyborgNetworking */ = {
			isa = PBXNativeTarget;
			buildConfigurationList = 76E7E14421E95C140038C9E0 /* Build configuration list for PBXNativeTarget "StandardCyborgNetworking" */;
			buildPhases = (
				76E7E13721E95C140038C9E0 /* Headers */,
				76E7E13821E95C140038C9E0 /* Sources */,
				76E7E13921E95C140038C9E0 /* Frameworks */,
				761FB793230738CB004E48F3 /* CopyFiles */,
			);
			buildRules = (
			);
			dependencies = (
			);
			name = StandardCyborgNetworking;
			productName = StandardCyborgNetworking;
			productReference = 76E7E13C21E95C140038C9E0 /* StandardCyborgNetworking.framework */;
			productType = "com.apple.product-type.framework";
		};
/* End PBXNativeTarget section */

/* Begin PBXProject section */
		76E7E13321E95C140038C9E0 /* Project object */ = {
			isa = PBXProject;
			attributes = {
				LastSwiftUpdateCheck = 1130;
				LastUpgradeCheck = 1010;
				ORGANIZATIONNAME = "Standard Cyborg";
				TargetAttributes = {
					7632DB9E23B6C26500B67A7E = {
						CreatedOnToolsVersion = 11.3;
					};
					76E7E13B21E95C140038C9E0 = {
						CreatedOnToolsVersion = 10.1;
						LastSwiftMigration = 1020;
					};
				};
			};
			buildConfigurationList = 76E7E13621E95C140038C9E0 /* Build configuration list for PBXProject "StandardCyborgNetworking" */;
			compatibilityVersion = "Xcode 9.3";
			developmentRegion = en;
			hasScannedForEncodings = 0;
			knownRegions = (
				en,
				Base,
			);
			mainGroup = 76E7E13221E95C140038C9E0;
			productRefGroup = 76E7E13D21E95C140038C9E0 /* Products */;
			projectDirPath = "";
			projectRoot = "";
			targets = (
				76E7E13B21E95C140038C9E0 /* StandardCyborgNetworking */,
				7632DB9E23B6C26500B67A7E /* StandardCyborgNetworkingTests */,
			);
		};
/* End PBXProject section */

/* Begin PBXResourcesBuildPhase section */
		7632DB9D23B6C26500B67A7E /* Resources */ = {
			isa = PBXResourcesBuildPhase;
			buildActionMask = 2147483647;
			files = (
				7632DBBA23B6E3AF00B67A7E /* auth-sign_in-post-success.json in Resources */,
				7632DBD023B90A6200B67A7E /* scenes-uid-delete-success.json in Resources */,
				7632DBBD23B6E88600B67A7E /* auth-sign_in-post-failure.json in Resources */,
				7632DBCC23B7B35F00B67A7E /* direct_uploads-post-success.json in Resources */,
				7632DBC623B7A97100B67A7E /* scenes-post-success.json in Resources */,
				7632DBB423B6D87F00B67A7E /* auth-generate_access_token-post-success.json in Resources */,
				7632DBCE23B9040900B67A7E /* scenes-get-success.json in Resources */,
				7632DBC823B7B13200B67A7E /* empty.gltf in Resources */,
				7632DBCA23B7B17A00B67A7E /* empty.jpeg in Resources */,
				7632DBC423B6F17600B67A7E /* scenes-uid-versions-put-success.json in Resources */,
				7665165D23BFCD2400CDE1E5 /* teams-post-success.json in Resources */,
				7632DBBE23B6E88A00B67A7E /* auth-sign_up-post-success.json in Resources */,
				7665166A23C012EF00CDE1E5 /* teams-get-success.json in Resources */,
			);
			runOnlyForDeploymentPostprocessing = 0;
		};
/* End PBXResourcesBuildPhase section */

/* Begin PBXSourcesBuildPhase section */
		7632DB9B23B6C26500B67A7E /* Sources */ = {
			isa = PBXSourcesBuildPhase;
			buildActionMask = 2147483647;
			files = (
				7632DBC223B6F0CA00B67A7E /* ServerSceneOperationsTests.swift in Sources */,
				7632DBC023B6ED1A00B67A7E /* TestDataSource.swift in Sources */,
				7632DBA223B6C26500B67A7E /* ServerUserOperationsTests.swift in Sources */,
				7665166123BFCDB500CDE1E5 /* ServerTeamOperationsTests.swift in Sources */,
			);
			runOnlyForDeploymentPostprocessing = 0;
		};
		76E7E13821E95C140038C9E0 /* Sources */ = {
			isa = PBXSourcesBuildPhase;
			buildActionMask = 2147483647;
			files = (
				A0C582E122D553E10090FF6A /* ServerScanAttachment.swift in Sources */,
				76E7E15321E95C5B0038C9E0 /* ServerAPIClient.swift in Sources */,
				76122BF221ED041500D887DF /* ServerOperationError.swift in Sources */,
				76E7E15621E95C5B0038C9E0 /* ServerSyncEngine.swift in Sources */,
				76E7E15721E95C5B0038C9E0 /* ServerScanOperations.swift in Sources */,
				76122BEA21EC2AFD00D887DF /* ServerUser.swift in Sources */,
				76E7E15521E95C5B0038C9E0 /* DefaultServerAPIClient.swift in Sources */,
				A0C582E522D553EC0090FF6A /* ServerScan.swift in Sources */,
				A0C582E322D553E10090FF6A /* ServerTeam.swift in Sources */,
				765BC1C923028F28005BD512 /* ServerScene.swift in Sources */,
				7665165F23BFCD3E00CDE1E5 /* ServerTeamOperations.swift in Sources */,
				A0C582E722D553F90090FF6A /* Coding+Util.swift in Sources */,
				76E7E15921E95C5B0038C9E0 /* ServerCredentials.swift in Sources */,
				76E7E15A21E95C5B0038C9E0 /* DateTimeTransform.swift in Sources */,
				A0C582DD22D553D70090FF6A /* ServerAccessToken.swift in Sources */,
				765BC1CB23028FDB005BD512 /* UploadStatus.swift in Sources */,
				76122BEC21EC2B3A00D887DF /* ServerCustomer.swift in Sources */,
				76E7E15421E95C5B0038C9E0 /* MD5.swift in Sources */,
				761FB771230608AA004E48F3 /* ServerOperation.swift in Sources */,
				76E7E15121E95C5B0038C9E0 /* ServerUserOperations.swift in Sources */,
				761FB76F2306062B004E48F3 /* ServerS3Support.swift in Sources */,
				765BC1C7230288DB005BD512 /* ServerSceneOperations.swift in Sources */,
				7632DBB623B6DB7300B67A7E /* TestAPIClient.swift in Sources */,
			);
			runOnlyForDeploymentPostprocessing = 0;
		};
/* End PBXSourcesBuildPhase section */

/* Begin PBXTargetDependency section */
		7632DBA623B6C26500B67A7E /* PBXTargetDependency */ = {
			isa = PBXTargetDependency;
			target = 76E7E13B21E95C140038C9E0 /* StandardCyborgNetworking */;
			targetProxy = 7632DBA523B6C26500B67A7E /* PBXContainerItemProxy */;
		};
/* End PBXTargetDependency section */

/* Begin XCBuildConfiguration section */
		7632DBA823B6C26500B67A7E /* Debug */ = {
			isa = XCBuildConfiguration;
			buildSettings = {
				DEVELOPMENT_TEAM = KAW83335BG;
				INFOPLIST_FILE = StandardCyborgNetworkingTests/Info.plist;
				LD_RUNPATH_SEARCH_PATHS = (
					"$(inherited)",
					"@executable_path/Frameworks",
					"@loader_path/Frameworks",
				);
				PRODUCT_BUNDLE_IDENTIFIER = com.standardcyborg.StandardCyborgNetworkingTests;
				PRODUCT_NAME = "$(TARGET_NAME)";
				TARGETED_DEVICE_FAMILY = "1,2";
			};
			name = Debug;
		};
		7632DBA923B6C26500B67A7E /* Release */ = {
			isa = XCBuildConfiguration;
			buildSettings = {
				DEVELOPMENT_TEAM = KAW83335BG;
				INFOPLIST_FILE = StandardCyborgNetworkingTests/Info.plist;
				LD_RUNPATH_SEARCH_PATHS = (
					"$(inherited)",
					"@executable_path/Frameworks",
					"@loader_path/Frameworks",
				);
				PRODUCT_BUNDLE_IDENTIFIER = com.standardcyborg.StandardCyborgNetworkingTests;
				PRODUCT_NAME = "$(TARGET_NAME)";
				TARGETED_DEVICE_FAMILY = "1,2";
			};
			name = Release;
		};
		76E7E14221E95C140038C9E0 /* Debug */ = {
			isa = XCBuildConfiguration;
			buildSettings = {
				ALWAYS_SEARCH_USER_PATHS = NO;
				CLANG_ANALYZER_NONNULL = YES;
				CLANG_ANALYZER_NUMBER_OBJECT_CONVERSION = YES_AGGRESSIVE;
				CLANG_CXX_LANGUAGE_STANDARD = "gnu++14";
				CLANG_CXX_LIBRARY = "libc++";
				CLANG_ENABLE_MODULES = YES;
				CLANG_ENABLE_OBJC_ARC = YES;
				CLANG_ENABLE_OBJC_WEAK = YES;
				CLANG_WARN_BLOCK_CAPTURE_AUTORELEASING = YES;
				CLANG_WARN_BOOL_CONVERSION = YES;
				CLANG_WARN_COMMA = YES;
				CLANG_WARN_CONSTANT_CONVERSION = YES;
				CLANG_WARN_DEPRECATED_OBJC_IMPLEMENTATIONS = YES;
				CLANG_WARN_DIRECT_OBJC_ISA_USAGE = YES_ERROR;
				CLANG_WARN_DOCUMENTATION_COMMENTS = YES;
				CLANG_WARN_EMPTY_BODY = YES;
				CLANG_WARN_ENUM_CONVERSION = YES;
				CLANG_WARN_INFINITE_RECURSION = YES;
				CLANG_WARN_INT_CONVERSION = YES;
				CLANG_WARN_NON_LITERAL_NULL_CONVERSION = YES;
				CLANG_WARN_OBJC_IMPLICIT_RETAIN_SELF = YES;
				CLANG_WARN_OBJC_LITERAL_CONVERSION = YES;
				CLANG_WARN_OBJC_ROOT_CLASS = YES_ERROR;
				CLANG_WARN_RANGE_LOOP_ANALYSIS = YES;
				CLANG_WARN_STRICT_PROTOTYPES = YES;
				CLANG_WARN_SUSPICIOUS_MOVE = YES;
				CLANG_WARN_UNGUARDED_AVAILABILITY = YES_AGGRESSIVE;
				CLANG_WARN_UNREACHABLE_CODE = YES;
				CLANG_WARN__DUPLICATE_METHOD_MATCH = YES;
				CODE_SIGN_IDENTITY = "iPhone Developer";
				COPY_PHASE_STRIP = NO;
				CURRENT_PROJECT_VERSION = 1;
				DEBUG_INFORMATION_FORMAT = dwarf;
				ENABLE_STRICT_OBJC_MSGSEND = YES;
				ENABLE_TESTABILITY = YES;
				GCC_C_LANGUAGE_STANDARD = gnu11;
				GCC_DYNAMIC_NO_PIC = NO;
				GCC_NO_COMMON_BLOCKS = YES;
				GCC_OPTIMIZATION_LEVEL = 0;
				GCC_PREPROCESSOR_DEFINITIONS = (
					"DEBUG=1",
					"$(inherited)",
				);
				GCC_WARN_64_TO_32_BIT_CONVERSION = YES;
				GCC_WARN_ABOUT_RETURN_TYPE = YES_ERROR;
				GCC_WARN_UNDECLARED_SELECTOR = YES;
				GCC_WARN_UNINITIALIZED_AUTOS = YES_AGGRESSIVE;
				GCC_WARN_UNUSED_FUNCTION = YES;
				GCC_WARN_UNUSED_VARIABLE = YES;
				IPHONEOS_DEPLOYMENT_TARGET = 12.0;
				MTL_ENABLE_DEBUG_INFO = INCLUDE_SOURCE;
				MTL_FAST_MATH = YES;
				ONLY_ACTIVE_ARCH = YES;
				SDKROOT = iphoneos;
				SWIFT_ACTIVE_COMPILATION_CONDITIONS = DEBUG;
				SWIFT_OPTIMIZATION_LEVEL = "-Onone";
				SWIFT_VERSION = 5.0;
				VERSIONING_SYSTEM = "apple-generic";
				VERSION_INFO_PREFIX = "";
			};
			name = Debug;
		};
		76E7E14321E95C140038C9E0 /* Release */ = {
			isa = XCBuildConfiguration;
			buildSettings = {
				ALWAYS_SEARCH_USER_PATHS = NO;
				CLANG_ANALYZER_NONNULL = YES;
				CLANG_ANALYZER_NUMBER_OBJECT_CONVERSION = YES_AGGRESSIVE;
				CLANG_CXX_LANGUAGE_STANDARD = "gnu++14";
				CLANG_CXX_LIBRARY = "libc++";
				CLANG_ENABLE_MODULES = YES;
				CLANG_ENABLE_OBJC_ARC = YES;
				CLANG_ENABLE_OBJC_WEAK = YES;
				CLANG_WARN_BLOCK_CAPTURE_AUTORELEASING = YES;
				CLANG_WARN_BOOL_CONVERSION = YES;
				CLANG_WARN_COMMA = YES;
				CLANG_WARN_CONSTANT_CONVERSION = YES;
				CLANG_WARN_DEPRECATED_OBJC_IMPLEMENTATIONS = YES;
				CLANG_WARN_DIRECT_OBJC_ISA_USAGE = YES_ERROR;
				CLANG_WARN_DOCUMENTATION_COMMENTS = YES;
				CLANG_WARN_EMPTY_BODY = YES;
				CLANG_WARN_ENUM_CONVERSION = YES;
				CLANG_WARN_INFINITE_RECURSION = YES;
				CLANG_WARN_INT_CONVERSION = YES;
				CLANG_WARN_NON_LITERAL_NULL_CONVERSION = YES;
				CLANG_WARN_OBJC_IMPLICIT_RETAIN_SELF = YES;
				CLANG_WARN_OBJC_LITERAL_CONVERSION = YES;
				CLANG_WARN_OBJC_ROOT_CLASS = YES_ERROR;
				CLANG_WARN_RANGE_LOOP_ANALYSIS = YES;
				CLANG_WARN_STRICT_PROTOTYPES = YES;
				CLANG_WARN_SUSPICIOUS_MOVE = YES;
				CLANG_WARN_UNGUARDED_AVAILABILITY = YES_AGGRESSIVE;
				CLANG_WARN_UNREACHABLE_CODE = YES;
				CLANG_WARN__DUPLICATE_METHOD_MATCH = YES;
				CODE_SIGN_IDENTITY = "iPhone Developer";
				COPY_PHASE_STRIP = NO;
				CURRENT_PROJECT_VERSION = 1;
				DEBUG_INFORMATION_FORMAT = "dwarf-with-dsym";
				ENABLE_NS_ASSERTIONS = NO;
				ENABLE_STRICT_OBJC_MSGSEND = YES;
				GCC_C_LANGUAGE_STANDARD = gnu11;
				GCC_NO_COMMON_BLOCKS = YES;
				GCC_WARN_64_TO_32_BIT_CONVERSION = YES;
				GCC_WARN_ABOUT_RETURN_TYPE = YES_ERROR;
				GCC_WARN_UNDECLARED_SELECTOR = YES;
				GCC_WARN_UNINITIALIZED_AUTOS = YES_AGGRESSIVE;
				GCC_WARN_UNUSED_FUNCTION = YES;
				GCC_WARN_UNUSED_VARIABLE = YES;
				IPHONEOS_DEPLOYMENT_TARGET = 12.0;
				MTL_ENABLE_DEBUG_INFO = NO;
				MTL_FAST_MATH = YES;
				SDKROOT = iphoneos;
				SWIFT_COMPILATION_MODE = wholemodule;
				SWIFT_OPTIMIZATION_LEVEL = "-O";
				SWIFT_VERSION = 5.0;
				VALIDATE_PRODUCT = YES;
				VERSIONING_SYSTEM = "apple-generic";
				VERSION_INFO_PREFIX = "";
			};
			name = Release;
		};
		76E7E14521E95C140038C9E0 /* Debug */ = {
			isa = XCBuildConfiguration;
			buildSettings = {
				BITCODE_GENERATION_MODE = bitcode;
				CODE_SIGN_IDENTITY = "";
				DEFINES_MODULE = YES;
				DYLIB_COMPATIBILITY_VERSION = 1;
				DYLIB_CURRENT_VERSION = 1;
				DYLIB_INSTALL_NAME_BASE = "@rpath";
				FRAMEWORK_SEARCH_PATHS = (
					"$(inherited)",
					"$(PROJECT_DIR)/Carthage/Build/iOS",
				);
				INFOPLIST_FILE = StandardCyborgNetworking/Info.plist;
				INSTALL_PATH = "$(LOCAL_LIBRARY_DIR)/Frameworks";
				LD_RUNPATH_SEARCH_PATHS = (
					"$(inherited)",
					"@executable_path/Frameworks",
					"@loader_path/Frameworks",
				);
				PRODUCT_BUNDLE_IDENTIFIER = com.standardcyborg.StandardCyborgNetworking;
				PRODUCT_NAME = "$(TARGET_NAME:c99extidentifier)";
				SKIP_INSTALL = YES;
				TARGETED_DEVICE_FAMILY = "1,2";
			};
			name = Debug;
		};
		76E7E14621E95C140038C9E0 /* Release */ = {
			isa = XCBuildConfiguration;
			buildSettings = {
				BITCODE_GENERATION_MODE = bitcode;
				CODE_SIGN_IDENTITY = "";
				DEFINES_MODULE = YES;
				DYLIB_COMPATIBILITY_VERSION = 1;
				DYLIB_CURRENT_VERSION = 1;
				DYLIB_INSTALL_NAME_BASE = "@rpath";
				FRAMEWORK_SEARCH_PATHS = (
					"$(inherited)",
					"$(PROJECT_DIR)/Carthage/Build/iOS",
				);
				INFOPLIST_FILE = StandardCyborgNetworking/Info.plist;
				INSTALL_PATH = "$(LOCAL_LIBRARY_DIR)/Frameworks";
				LD_RUNPATH_SEARCH_PATHS = (
					"$(inherited)",
					"@executable_path/Frameworks",
					"@loader_path/Frameworks",
				);
				PRODUCT_BUNDLE_IDENTIFIER = com.standardcyborg.StandardCyborgNetworking;
				PRODUCT_NAME = "$(TARGET_NAME:c99extidentifier)";
				SKIP_INSTALL = YES;
				TARGETED_DEVICE_FAMILY = "1,2";
			};
			name = Release;
		};
/* End XCBuildConfiguration section */

/* Begin XCConfigurationList section */
		7632DBA723B6C26500B67A7E /* Build configuration list for PBXNativeTarget "StandardCyborgNetworkingTests" */ = {
			isa = XCConfigurationList;
			buildConfigurations = (
				7632DBA823B6C26500B67A7E /* Debug */,
				7632DBA923B6C26500B67A7E /* Release */,
			);
			defaultConfigurationIsVisible = 0;
			defaultConfigurationName = Release;
		};
		76E7E13621E95C140038C9E0 /* Build configuration list for PBXProject "StandardCyborgNetworking" */ = {
			isa = XCConfigurationList;
			buildConfigurations = (
				76E7E14221E95C140038C9E0 /* Debug */,
				76E7E14321E95C140038C9E0 /* Release */,
			);
			defaultConfigurationIsVisible = 0;
			defaultConfigurationName = Release;
		};
		76E7E14421E95C140038C9E0 /* Build configuration list for PBXNativeTarget "StandardCyborgNetworking" */ = {
			isa = XCConfigurationList;
			buildConfigurations = (
				76E7E14521E95C140038C9E0 /* Debug */,
				76E7E14621E95C140038C9E0 /* Release */,
			);
			defaultConfigurationIsVisible = 0;
			defaultConfigurationName = Release;
		};
/* End XCConfigurationList section */
	};
	rootObject = 76E7E13321E95C140038C9E0 /* Project object */;
}
